
Microsoft Visual Studio Solution File, Format Version 12.00
# Visual Studio Version 16
VisualStudioVersion = 16.0.29111.141
MinimumVisualStudioVersion = 10.0.40219.1
Project("{9A19103F-16F7-4668-BE54-9A1E7A4F7556}") = "Xodium.Core", "Xodium.Core\Xodium.Core.csproj", "{2158DFBD-A40E-4F0D-A703-16FF1970D739}"
EndProject
Project("{9A19103F-16F7-4668-BE54-9A1E7A4F7556}") = "Xodium.Core.Tests", "Xodium.Core.Tests\Xodium.Core.Tests.csproj", "{07395458-EE7E-443D-B0C2-CFF40C719EAB}"
EndProject
Project("{9A19103F-16F7-4668-BE54-9A1E7A4F7556}") = "Xodium.Injection.MicrosoftExtensions", "Xodium.Injection.MicrosoftExtensions\Xodium.Injection.MicrosoftExtensions.csproj", "{498B6F2A-AEF2-40C6-8A90-852DA31178E4}"
EndProject
Project("{9A19103F-16F7-4668-BE54-9A1E7A4F7556}") = "Xodium.Mvvm", "Xodium.Mvvm\Xodium.Mvvm.csproj", "{6417C355-2592-4649-8713-6287D35AA4A7}"
EndProject
Project("{9A19103F-16F7-4668-BE54-9A1E7A4F7556}") = "Xodium.Mvvm.ReactiveUI", "Xodium.Mvvm.ReactiveUI\Xodium.Mvvm.ReactiveUI.csproj", "{32DF0473-E25C-48D6-A634-99093017B64E}"
EndProject
Project("{9A19103F-16F7-4668-BE54-9A1E7A4F7556}") = "Xodium.Platform.Common", "Xodium.Platform.Common\Xodium.Platform.Common.csproj", "{F4DDE03E-6975-47D1-BCC5-EA941C5A43B7}"
EndProject
Project("{FAE04EC0-301F-11D3-BF4B-00C04F79EFBC}") = "Xodium.Platform.Windows", "Xodium.Platform.Windows\Xodium.Platform.Windows.csproj", "{54C138A8-27A2-4D12-9A91-2D074DEAC8BF}"
EndProject
Project("{9A19103F-16F7-4668-BE54-9A1E7A4F7556}") = "Xodium.Platform.Windows.Tests", "Xodium.Platform.Windows.Tests\Xodium.Platform.Windows.Tests.csproj", "{1CF541BD-4623-4E0A-8D34-CC5DC0811778}"
EndProject
Project("{9A19103F-16F7-4668-BE54-9A1E7A4F7556}") = "Xodium.Platform.Xamarin", "Xodium.Platform.Xamarin\Xodium.Platform.Xamarin.csproj", "{415786C2-29CB-4BCB-BF36-49AC2CAED9BA}"
EndProject
Project("{9A19103F-16F7-4668-BE54-9A1E7A4F7556}") = "Xodium.Productivity.Content", "Xodium.Productivity.Content\Xodium.Productivity.Content.csproj", "{53E482DD-18DF-4A9D-9B6C-3E9986BE986E}"
EndProject
Project("{9A19103F-16F7-4668-BE54-9A1E7A4F7556}") = "Xodium.Productivity.Tests", "Xodium.Productivity.Tests\Xodium.Productivity.Tests.csproj", "{E71AF9BF-4E88-4AC2-89CC-1D415D1BB627}"
EndProject
Project("{9A19103F-16F7-4668-BE54-9A1E7A4F7556}") = "Xodium.Redux", "Xodium.Redux\Xodium.Redux.csproj", "{4A79797F-8251-4072-9AE4-A79FBD9AF10B}"
EndProject
Project("{2150E333-8FDC-42A3-9474-1A3956D46DE8}") = "Core", "Core", "{BE187748-F9EA-432C-A6B7-92C5D4DF9914}"
EndProject
Project("{2150E333-8FDC-42A3-9474-1A3956D46DE8}") = "Platform", "Platform", "{EEC3D50F-62A2-4DDC-BEFC-97169B7387E2}"
EndProject
Project("{2150E333-8FDC-42A3-9474-1A3956D46DE8}") = "Productivity", "Productivity", "{1C0AAFCC-0D6A-4DE2-8AEE-818A6CE92AEA}"
EndProject
Project("{9A19103F-16F7-4668-BE54-9A1E7A4F7556}") = "Xodium.Injection.UnityContainer", "Xodium.Injection.UnityContainer\Xodium.Injection.UnityContainer.csproj", "{3B8FAE11-D333-4FB9-B5A6-4E0614BAD6AB}"
EndProject
Project("{9A19103F-16F7-4668-BE54-9A1E7A4F7556}") = "Xodium.Productivity.Microsoft365", "Xodium.Productivity.Microsoft365\Xodium.Productivity.Microsoft365.csproj", "{27B37FCE-7A57-4307-BF23-E5445DAA1570}"
EndProject
Project("{9A19103F-16F7-4668-BE54-9A1E7A4F7556}") = "Xodium.Productivity", "Xodium.Productivity\Xodium.Productivity.csproj", "{197FCEB2-A016-47F3-AC46-960A09EB1B20}"
EndProject
Project("{2150E333-8FDC-42A3-9474-1A3956D46DE8}") = "Library", "Library", "{39A20796-141B-4183-9C38-B64235548260}"
EndProject
Project("{2150E333-8FDC-42A3-9474-1A3956D46DE8}") = "Sidekick", "Sidekick", "{F567C3DE-9BB1-40CA-A5C4-EEB73D87B49A}"
EndProject
Project("{9A19103F-16F7-4668-BE54-9A1E7A4F7556}") = "Sidekick", "Sidekick\Sidekick\Sidekick.csproj", "{99AD4B80-8E37-433C-8455-562C128C1849}"
EndProject
Project("{FAE04EC0-301F-11D3-BF4B-00C04F79EFBC}") = "Sidekick.Android", "Sidekick\Sidekick.Android\Sidekick.Android.csproj", "{01CD758E-51D0-454D-A9B4-7B229047E2E8}"
EndProject
Project("{FAE04EC0-301F-11D3-BF4B-00C04F79EFBC}") = "Sidekick.iOS", "Sidekick\Sidekick.iOS\Sidekick.iOS.csproj", "{7CA1C31A-ACD9-46AF-A1D3-70A3848842B5}"
EndProject
Project("{FAE04EC0-301F-11D3-BF4B-00C04F79EFBC}") = "Sidekick.UWP", "Sidekick\Sidekick.UWP\Sidekick.UWP.csproj", "{11C75F12-A4A1-41EB-B919-3A36AB3FACBB}"
EndProject
Project("{2150E333-8FDC-42A3-9474-1A3956D46DE8}") = "Apps", "Apps", "{77D2E8E6-CB8A-4004-9F19-0CCF4D436ADF}"
EndProject
Project("{FAE04EC0-301F-11D3-BF4B-00C04F79EFBC}") = "Xodium.Platform.iOS", "Xodium.Platform.iOS\Xodium.Platform.iOS.csproj", "{8E2B1665-3B73-4299-BB1F-FA8E62A5DB63}"
EndProject
Project("{FAE04EC0-301F-11D3-BF4B-00C04F79EFBC}") = "Xodium.Platform.Android", "Xodium.Platform.Android\Xodium.Platform.Android.csproj", "{81E3F05B-97CB-4D76-8027-B2AE01857EAC}"
EndProject
Project("{FAE04EC0-301F-11D3-BF4B-00C04F79EFBC}") = "Xodium.Platform.Uwp", "Xodium.Platform.Uwp\Xodium.Platform.Uwp.csproj", "{B0F0F075-9339-4B23-8395-D32C83C5CAE9}"
EndProject
Project("{FAE04EC0-301F-11D3-BF4B-00C04F79EFBC}") = "Xodium.Platform.Windows.Wpf", "Xodium.Platform.Windows.Wpf\Xodium.Platform.Windows.Wpf.csproj", "{B73EFAED-028C-456D-8A83-0DBA7658805C}"
EndProject
Project("{9A19103F-16F7-4668-BE54-9A1E7A4F7556}") = "Xodium.Platform.Xamarin.Tests", "Xodium.Platform.Xamarin.Tests\Xodium.Platform.Xamarin.Tests.csproj", "{6D11E1EB-7DEE-4AD9-A9FF-CEE71CDD5004}"
EndProject
Project("{FAE04EC0-301F-11D3-BF4B-00C04F79EFBC}") = "Sidekick.Extension.eBay", "Sidekick\Sidekick.Extension.eBay\Sidekick.Extension.eBay.csproj", "{C8701F39-9187-4AE3-AE43-ED3F31F29F0E}"
EndProject
Project("{FAE04EC0-301F-11D3-BF4B-00C04F79EFBC}") = "Sidekick.Tests", "Sidekick\Sidekick.Tests\Sidekick.Tests.csproj", "{7750542A-F01E-4977-9B5A-B7F2DB48A636}"
EndProject
Global
	GlobalSection(SolutionConfigurationPlatforms) = preSolution
		Debug|Any CPU = Debug|Any CPU
		Debug|ARM = Debug|ARM
		Debug|ARM64 = Debug|ARM64
		Debug|iPhone = Debug|iPhone
		Debug|iPhoneSimulator = Debug|iPhoneSimulator
		Debug|x64 = Debug|x64
		Debug|x86 = Debug|x86
		Release|Any CPU = Release|Any CPU
		Release|ARM = Release|ARM
		Release|ARM64 = Release|ARM64
		Release|iPhone = Release|iPhone
		Release|iPhoneSimulator = Release|iPhoneSimulator
		Release|x64 = Release|x64
		Release|x86 = Release|x86
	EndGlobalSection
	GlobalSection(ProjectConfigurationPlatforms) = postSolution
		{2158DFBD-A40E-4F0D-A703-16FF1970D739}.Debug|Any CPU.ActiveCfg = Debug|Any CPU
		{2158DFBD-A40E-4F0D-A703-16FF1970D739}.Debug|Any CPU.Build.0 = Debug|Any CPU
		{2158DFBD-A40E-4F0D-A703-16FF1970D739}.Debug|ARM.ActiveCfg = Debug|Any CPU
		{2158DFBD-A40E-4F0D-A703-16FF1970D739}.Debug|ARM.Build.0 = Debug|Any CPU
		{2158DFBD-A40E-4F0D-A703-16FF1970D739}.Debug|ARM64.ActiveCfg = Debug|Any CPU
		{2158DFBD-A40E-4F0D-A703-16FF1970D739}.Debug|ARM64.Build.0 = Debug|Any CPU
		{2158DFBD-A40E-4F0D-A703-16FF1970D739}.Debug|iPhone.ActiveCfg = Debug|Any CPU
		{2158DFBD-A40E-4F0D-A703-16FF1970D739}.Debug|iPhone.Build.0 = Debug|Any CPU
		{2158DFBD-A40E-4F0D-A703-16FF1970D739}.Debug|iPhoneSimulator.ActiveCfg = Debug|Any CPU
		{2158DFBD-A40E-4F0D-A703-16FF1970D739}.Debug|iPhoneSimulator.Build.0 = Debug|Any CPU
		{2158DFBD-A40E-4F0D-A703-16FF1970D739}.Debug|x64.ActiveCfg = Debug|Any CPU
		{2158DFBD-A40E-4F0D-A703-16FF1970D739}.Debug|x64.Build.0 = Debug|Any CPU
		{2158DFBD-A40E-4F0D-A703-16FF1970D739}.Debug|x86.ActiveCfg = Debug|Any CPU
		{2158DFBD-A40E-4F0D-A703-16FF1970D739}.Debug|x86.Build.0 = Debug|Any CPU
		{2158DFBD-A40E-4F0D-A703-16FF1970D739}.Release|Any CPU.ActiveCfg = Release|Any CPU
		{2158DFBD-A40E-4F0D-A703-16FF1970D739}.Release|Any CPU.Build.0 = Release|Any CPU
		{2158DFBD-A40E-4F0D-A703-16FF1970D739}.Release|ARM.ActiveCfg = Release|Any CPU
		{2158DFBD-A40E-4F0D-A703-16FF1970D739}.Release|ARM.Build.0 = Release|Any CPU
		{2158DFBD-A40E-4F0D-A703-16FF1970D739}.Release|ARM64.ActiveCfg = Release|Any CPU
		{2158DFBD-A40E-4F0D-A703-16FF1970D739}.Release|ARM64.Build.0 = Release|Any CPU
		{2158DFBD-A40E-4F0D-A703-16FF1970D739}.Release|iPhone.ActiveCfg = Release|Any CPU
		{2158DFBD-A40E-4F0D-A703-16FF1970D739}.Release|iPhone.Build.0 = Release|Any CPU
		{2158DFBD-A40E-4F0D-A703-16FF1970D739}.Release|iPhoneSimulator.ActiveCfg = Release|Any CPU
		{2158DFBD-A40E-4F0D-A703-16FF1970D739}.Release|iPhoneSimulator.Build.0 = Release|Any CPU
		{2158DFBD-A40E-4F0D-A703-16FF1970D739}.Release|x64.ActiveCfg = Release|Any CPU
		{2158DFBD-A40E-4F0D-A703-16FF1970D739}.Release|x64.Build.0 = Release|Any CPU
		{2158DFBD-A40E-4F0D-A703-16FF1970D739}.Release|x86.ActiveCfg = Release|Any CPU
		{2158DFBD-A40E-4F0D-A703-16FF1970D739}.Release|x86.Build.0 = Release|Any CPU
		{07395458-EE7E-443D-B0C2-CFF40C719EAB}.Debug|Any CPU.ActiveCfg = Debug|Any CPU
		{07395458-EE7E-443D-B0C2-CFF40C719EAB}.Debug|Any CPU.Build.0 = Debug|Any CPU
		{07395458-EE7E-443D-B0C2-CFF40C719EAB}.Debug|ARM.ActiveCfg = Debug|Any CPU
		{07395458-EE7E-443D-B0C2-CFF40C719EAB}.Debug|ARM.Build.0 = Debug|Any CPU
		{07395458-EE7E-443D-B0C2-CFF40C719EAB}.Debug|ARM64.ActiveCfg = Debug|Any CPU
		{07395458-EE7E-443D-B0C2-CFF40C719EAB}.Debug|ARM64.Build.0 = Debug|Any CPU
		{07395458-EE7E-443D-B0C2-CFF40C719EAB}.Debug|iPhone.ActiveCfg = Debug|Any CPU
		{07395458-EE7E-443D-B0C2-CFF40C719EAB}.Debug|iPhone.Build.0 = Debug|Any CPU
		{07395458-EE7E-443D-B0C2-CFF40C719EAB}.Debug|iPhoneSimulator.ActiveCfg = Debug|Any CPU
		{07395458-EE7E-443D-B0C2-CFF40C719EAB}.Debug|iPhoneSimulator.Build.0 = Debug|Any CPU
		{07395458-EE7E-443D-B0C2-CFF40C719EAB}.Debug|x64.ActiveCfg = Debug|Any CPU
		{07395458-EE7E-443D-B0C2-CFF40C719EAB}.Debug|x64.Build.0 = Debug|Any CPU
		{07395458-EE7E-443D-B0C2-CFF40C719EAB}.Debug|x86.ActiveCfg = Debug|Any CPU
		{07395458-EE7E-443D-B0C2-CFF40C719EAB}.Debug|x86.Build.0 = Debug|Any CPU
		{07395458-EE7E-443D-B0C2-CFF40C719EAB}.Release|Any CPU.ActiveCfg = Release|Any CPU
		{07395458-EE7E-443D-B0C2-CFF40C719EAB}.Release|Any CPU.Build.0 = Release|Any CPU
		{07395458-EE7E-443D-B0C2-CFF40C719EAB}.Release|ARM.ActiveCfg = Release|Any CPU
		{07395458-EE7E-443D-B0C2-CFF40C719EAB}.Release|ARM.Build.0 = Release|Any CPU
		{07395458-EE7E-443D-B0C2-CFF40C719EAB}.Release|ARM64.ActiveCfg = Release|Any CPU
		{07395458-EE7E-443D-B0C2-CFF40C719EAB}.Release|ARM64.Build.0 = Release|Any CPU
		{07395458-EE7E-443D-B0C2-CFF40C719EAB}.Release|iPhone.ActiveCfg = Release|Any CPU
		{07395458-EE7E-443D-B0C2-CFF40C719EAB}.Release|iPhone.Build.0 = Release|Any CPU
		{07395458-EE7E-443D-B0C2-CFF40C719EAB}.Release|iPhoneSimulator.ActiveCfg = Release|Any CPU
		{07395458-EE7E-443D-B0C2-CFF40C719EAB}.Release|iPhoneSimulator.Build.0 = Release|Any CPU
		{07395458-EE7E-443D-B0C2-CFF40C719EAB}.Release|x64.ActiveCfg = Release|Any CPU
		{07395458-EE7E-443D-B0C2-CFF40C719EAB}.Release|x64.Build.0 = Release|Any CPU
		{07395458-EE7E-443D-B0C2-CFF40C719EAB}.Release|x86.ActiveCfg = Release|Any CPU
		{07395458-EE7E-443D-B0C2-CFF40C719EAB}.Release|x86.Build.0 = Release|Any CPU
		{498B6F2A-AEF2-40C6-8A90-852DA31178E4}.Debug|Any CPU.ActiveCfg = Debug|Any CPU
		{498B6F2A-AEF2-40C6-8A90-852DA31178E4}.Debug|Any CPU.Build.0 = Debug|Any CPU
		{498B6F2A-AEF2-40C6-8A90-852DA31178E4}.Debug|ARM.ActiveCfg = Debug|Any CPU
		{498B6F2A-AEF2-40C6-8A90-852DA31178E4}.Debug|ARM.Build.0 = Debug|Any CPU
		{498B6F2A-AEF2-40C6-8A90-852DA31178E4}.Debug|ARM64.ActiveCfg = Debug|Any CPU
		{498B6F2A-AEF2-40C6-8A90-852DA31178E4}.Debug|ARM64.Build.0 = Debug|Any CPU
		{498B6F2A-AEF2-40C6-8A90-852DA31178E4}.Debug|iPhone.ActiveCfg = Debug|Any CPU
		{498B6F2A-AEF2-40C6-8A90-852DA31178E4}.Debug|iPhone.Build.0 = Debug|Any CPU
		{498B6F2A-AEF2-40C6-8A90-852DA31178E4}.Debug|iPhoneSimulator.ActiveCfg = Debug|Any CPU
		{498B6F2A-AEF2-40C6-8A90-852DA31178E4}.Debug|iPhoneSimulator.Build.0 = Debug|Any CPU
		{498B6F2A-AEF2-40C6-8A90-852DA31178E4}.Debug|x64.ActiveCfg = Debug|Any CPU
		{498B6F2A-AEF2-40C6-8A90-852DA31178E4}.Debug|x64.Build.0 = Debug|Any CPU
		{498B6F2A-AEF2-40C6-8A90-852DA31178E4}.Debug|x86.ActiveCfg = Debug|Any CPU
		{498B6F2A-AEF2-40C6-8A90-852DA31178E4}.Debug|x86.Build.0 = Debug|Any CPU
		{498B6F2A-AEF2-40C6-8A90-852DA31178E4}.Release|Any CPU.ActiveCfg = Release|Any CPU
		{498B6F2A-AEF2-40C6-8A90-852DA31178E4}.Release|Any CPU.Build.0 = Release|Any CPU
		{498B6F2A-AEF2-40C6-8A90-852DA31178E4}.Release|ARM.ActiveCfg = Release|Any CPU
		{498B6F2A-AEF2-40C6-8A90-852DA31178E4}.Release|ARM.Build.0 = Release|Any CPU
		{498B6F2A-AEF2-40C6-8A90-852DA31178E4}.Release|ARM64.ActiveCfg = Release|Any CPU
		{498B6F2A-AEF2-40C6-8A90-852DA31178E4}.Release|ARM64.Build.0 = Release|Any CPU
		{498B6F2A-AEF2-40C6-8A90-852DA31178E4}.Release|iPhone.ActiveCfg = Release|Any CPU
		{498B6F2A-AEF2-40C6-8A90-852DA31178E4}.Release|iPhone.Build.0 = Release|Any CPU
		{498B6F2A-AEF2-40C6-8A90-852DA31178E4}.Release|iPhoneSimulator.ActiveCfg = Release|Any CPU
		{498B6F2A-AEF2-40C6-8A90-852DA31178E4}.Release|iPhoneSimulator.Build.0 = Release|Any CPU
		{498B6F2A-AEF2-40C6-8A90-852DA31178E4}.Release|x64.ActiveCfg = Release|Any CPU
		{498B6F2A-AEF2-40C6-8A90-852DA31178E4}.Release|x64.Build.0 = Release|Any CPU
		{498B6F2A-AEF2-40C6-8A90-852DA31178E4}.Release|x86.ActiveCfg = Release|Any CPU
		{498B6F2A-AEF2-40C6-8A90-852DA31178E4}.Release|x86.Build.0 = Release|Any CPU
		{6417C355-2592-4649-8713-6287D35AA4A7}.Debug|Any CPU.ActiveCfg = Debug|Any CPU
		{6417C355-2592-4649-8713-6287D35AA4A7}.Debug|Any CPU.Build.0 = Debug|Any CPU
		{6417C355-2592-4649-8713-6287D35AA4A7}.Debug|ARM.ActiveCfg = Debug|Any CPU
		{6417C355-2592-4649-8713-6287D35AA4A7}.Debug|ARM.Build.0 = Debug|Any CPU
		{6417C355-2592-4649-8713-6287D35AA4A7}.Debug|ARM64.ActiveCfg = Debug|Any CPU
		{6417C355-2592-4649-8713-6287D35AA4A7}.Debug|ARM64.Build.0 = Debug|Any CPU
		{6417C355-2592-4649-8713-6287D35AA4A7}.Debug|iPhone.ActiveCfg = Debug|Any CPU
		{6417C355-2592-4649-8713-6287D35AA4A7}.Debug|iPhone.Build.0 = Debug|Any CPU
		{6417C355-2592-4649-8713-6287D35AA4A7}.Debug|iPhoneSimulator.ActiveCfg = Debug|Any CPU
		{6417C355-2592-4649-8713-6287D35AA4A7}.Debug|iPhoneSimulator.Build.0 = Debug|Any CPU
		{6417C355-2592-4649-8713-6287D35AA4A7}.Debug|x64.ActiveCfg = Debug|Any CPU
		{6417C355-2592-4649-8713-6287D35AA4A7}.Debug|x64.Build.0 = Debug|Any CPU
		{6417C355-2592-4649-8713-6287D35AA4A7}.Debug|x86.ActiveCfg = Debug|Any CPU
		{6417C355-2592-4649-8713-6287D35AA4A7}.Debug|x86.Build.0 = Debug|Any CPU
		{6417C355-2592-4649-8713-6287D35AA4A7}.Release|Any CPU.ActiveCfg = Release|Any CPU
		{6417C355-2592-4649-8713-6287D35AA4A7}.Release|Any CPU.Build.0 = Release|Any CPU
		{6417C355-2592-4649-8713-6287D35AA4A7}.Release|ARM.ActiveCfg = Release|Any CPU
		{6417C355-2592-4649-8713-6287D35AA4A7}.Release|ARM.Build.0 = Release|Any CPU
		{6417C355-2592-4649-8713-6287D35AA4A7}.Release|ARM64.ActiveCfg = Release|Any CPU
		{6417C355-2592-4649-8713-6287D35AA4A7}.Release|ARM64.Build.0 = Release|Any CPU
		{6417C355-2592-4649-8713-6287D35AA4A7}.Release|iPhone.ActiveCfg = Release|Any CPU
		{6417C355-2592-4649-8713-6287D35AA4A7}.Release|iPhone.Build.0 = Release|Any CPU
		{6417C355-2592-4649-8713-6287D35AA4A7}.Release|iPhoneSimulator.ActiveCfg = Release|Any CPU
		{6417C355-2592-4649-8713-6287D35AA4A7}.Release|iPhoneSimulator.Build.0 = Release|Any CPU
		{6417C355-2592-4649-8713-6287D35AA4A7}.Release|x64.ActiveCfg = Release|Any CPU
		{6417C355-2592-4649-8713-6287D35AA4A7}.Release|x64.Build.0 = Release|Any CPU
		{6417C355-2592-4649-8713-6287D35AA4A7}.Release|x86.ActiveCfg = Release|Any CPU
		{6417C355-2592-4649-8713-6287D35AA4A7}.Release|x86.Build.0 = Release|Any CPU
		{32DF0473-E25C-48D6-A634-99093017B64E}.Debug|Any CPU.ActiveCfg = Debug|Any CPU
		{32DF0473-E25C-48D6-A634-99093017B64E}.Debug|Any CPU.Build.0 = Debug|Any CPU
		{32DF0473-E25C-48D6-A634-99093017B64E}.Debug|ARM.ActiveCfg = Debug|Any CPU
		{32DF0473-E25C-48D6-A634-99093017B64E}.Debug|ARM.Build.0 = Debug|Any CPU
		{32DF0473-E25C-48D6-A634-99093017B64E}.Debug|ARM64.ActiveCfg = Debug|Any CPU
		{32DF0473-E25C-48D6-A634-99093017B64E}.Debug|ARM64.Build.0 = Debug|Any CPU
		{32DF0473-E25C-48D6-A634-99093017B64E}.Debug|iPhone.ActiveCfg = Debug|Any CPU
		{32DF0473-E25C-48D6-A634-99093017B64E}.Debug|iPhone.Build.0 = Debug|Any CPU
		{32DF0473-E25C-48D6-A634-99093017B64E}.Debug|iPhoneSimulator.ActiveCfg = Debug|Any CPU
		{32DF0473-E25C-48D6-A634-99093017B64E}.Debug|iPhoneSimulator.Build.0 = Debug|Any CPU
		{32DF0473-E25C-48D6-A634-99093017B64E}.Debug|x64.ActiveCfg = Debug|Any CPU
		{32DF0473-E25C-48D6-A634-99093017B64E}.Debug|x64.Build.0 = Debug|Any CPU
		{32DF0473-E25C-48D6-A634-99093017B64E}.Debug|x86.ActiveCfg = Debug|Any CPU
		{32DF0473-E25C-48D6-A634-99093017B64E}.Debug|x86.Build.0 = Debug|Any CPU
		{32DF0473-E25C-48D6-A634-99093017B64E}.Release|Any CPU.ActiveCfg = Release|Any CPU
		{32DF0473-E25C-48D6-A634-99093017B64E}.Release|Any CPU.Build.0 = Release|Any CPU
		{32DF0473-E25C-48D6-A634-99093017B64E}.Release|ARM.ActiveCfg = Release|Any CPU
		{32DF0473-E25C-48D6-A634-99093017B64E}.Release|ARM.Build.0 = Release|Any CPU
		{32DF0473-E25C-48D6-A634-99093017B64E}.Release|ARM64.ActiveCfg = Release|Any CPU
		{32DF0473-E25C-48D6-A634-99093017B64E}.Release|ARM64.Build.0 = Release|Any CPU
		{32DF0473-E25C-48D6-A634-99093017B64E}.Release|iPhone.ActiveCfg = Release|Any CPU
		{32DF0473-E25C-48D6-A634-99093017B64E}.Release|iPhone.Build.0 = Release|Any CPU
		{32DF0473-E25C-48D6-A634-99093017B64E}.Release|iPhoneSimulator.ActiveCfg = Release|Any CPU
		{32DF0473-E25C-48D6-A634-99093017B64E}.Release|iPhoneSimulator.Build.0 = Release|Any CPU
		{32DF0473-E25C-48D6-A634-99093017B64E}.Release|x64.ActiveCfg = Release|Any CPU
		{32DF0473-E25C-48D6-A634-99093017B64E}.Release|x64.Build.0 = Release|Any CPU
		{32DF0473-E25C-48D6-A634-99093017B64E}.Release|x86.ActiveCfg = Release|Any CPU
		{32DF0473-E25C-48D6-A634-99093017B64E}.Release|x86.Build.0 = Release|Any CPU
		{F4DDE03E-6975-47D1-BCC5-EA941C5A43B7}.Debug|Any CPU.ActiveCfg = Debug|Any CPU
		{F4DDE03E-6975-47D1-BCC5-EA941C5A43B7}.Debug|Any CPU.Build.0 = Debug|Any CPU
		{F4DDE03E-6975-47D1-BCC5-EA941C5A43B7}.Debug|ARM.ActiveCfg = Debug|Any CPU
		{F4DDE03E-6975-47D1-BCC5-EA941C5A43B7}.Debug|ARM.Build.0 = Debug|Any CPU
		{F4DDE03E-6975-47D1-BCC5-EA941C5A43B7}.Debug|ARM64.ActiveCfg = Debug|Any CPU
		{F4DDE03E-6975-47D1-BCC5-EA941C5A43B7}.Debug|ARM64.Build.0 = Debug|Any CPU
		{F4DDE03E-6975-47D1-BCC5-EA941C5A43B7}.Debug|iPhone.ActiveCfg = Debug|Any CPU
		{F4DDE03E-6975-47D1-BCC5-EA941C5A43B7}.Debug|iPhone.Build.0 = Debug|Any CPU
		{F4DDE03E-6975-47D1-BCC5-EA941C5A43B7}.Debug|iPhoneSimulator.ActiveCfg = Debug|Any CPU
		{F4DDE03E-6975-47D1-BCC5-EA941C5A43B7}.Debug|iPhoneSimulator.Build.0 = Debug|Any CPU
		{F4DDE03E-6975-47D1-BCC5-EA941C5A43B7}.Debug|x64.ActiveCfg = Debug|Any CPU
		{F4DDE03E-6975-47D1-BCC5-EA941C5A43B7}.Debug|x64.Build.0 = Debug|Any CPU
		{F4DDE03E-6975-47D1-BCC5-EA941C5A43B7}.Debug|x86.ActiveCfg = Debug|Any CPU
		{F4DDE03E-6975-47D1-BCC5-EA941C5A43B7}.Debug|x86.Build.0 = Debug|Any CPU
		{F4DDE03E-6975-47D1-BCC5-EA941C5A43B7}.Release|Any CPU.ActiveCfg = Release|Any CPU
		{F4DDE03E-6975-47D1-BCC5-EA941C5A43B7}.Release|Any CPU.Build.0 = Release|Any CPU
		{F4DDE03E-6975-47D1-BCC5-EA941C5A43B7}.Release|ARM.ActiveCfg = Release|Any CPU
		{F4DDE03E-6975-47D1-BCC5-EA941C5A43B7}.Release|ARM.Build.0 = Release|Any CPU
		{F4DDE03E-6975-47D1-BCC5-EA941C5A43B7}.Release|ARM64.ActiveCfg = Release|Any CPU
		{F4DDE03E-6975-47D1-BCC5-EA941C5A43B7}.Release|ARM64.Build.0 = Release|Any CPU
		{F4DDE03E-6975-47D1-BCC5-EA941C5A43B7}.Release|iPhone.ActiveCfg = Release|Any CPU
		{F4DDE03E-6975-47D1-BCC5-EA941C5A43B7}.Release|iPhone.Build.0 = Release|Any CPU
		{F4DDE03E-6975-47D1-BCC5-EA941C5A43B7}.Release|iPhoneSimulator.ActiveCfg = Release|Any CPU
		{F4DDE03E-6975-47D1-BCC5-EA941C5A43B7}.Release|iPhoneSimulator.Build.0 = Release|Any CPU
		{F4DDE03E-6975-47D1-BCC5-EA941C5A43B7}.Release|x64.ActiveCfg = Release|Any CPU
		{F4DDE03E-6975-47D1-BCC5-EA941C5A43B7}.Release|x64.Build.0 = Release|Any CPU
		{F4DDE03E-6975-47D1-BCC5-EA941C5A43B7}.Release|x86.ActiveCfg = Release|Any CPU
		{F4DDE03E-6975-47D1-BCC5-EA941C5A43B7}.Release|x86.Build.0 = Release|Any CPU
		{54C138A8-27A2-4D12-9A91-2D074DEAC8BF}.Debug|Any CPU.ActiveCfg = Debug|Any CPU
		{54C138A8-27A2-4D12-9A91-2D074DEAC8BF}.Debug|Any CPU.Build.0 = Debug|Any CPU
		{54C138A8-27A2-4D12-9A91-2D074DEAC8BF}.Debug|ARM.ActiveCfg = Debug|Any CPU
		{54C138A8-27A2-4D12-9A91-2D074DEAC8BF}.Debug|ARM.Build.0 = Debug|Any CPU
		{54C138A8-27A2-4D12-9A91-2D074DEAC8BF}.Debug|ARM64.ActiveCfg = Debug|Any CPU
		{54C138A8-27A2-4D12-9A91-2D074DEAC8BF}.Debug|ARM64.Build.0 = Debug|Any CPU
		{54C138A8-27A2-4D12-9A91-2D074DEAC8BF}.Debug|iPhone.ActiveCfg = Debug|Any CPU
		{54C138A8-27A2-4D12-9A91-2D074DEAC8BF}.Debug|iPhone.Build.0 = Debug|Any CPU
		{54C138A8-27A2-4D12-9A91-2D074DEAC8BF}.Debug|iPhoneSimulator.ActiveCfg = Debug|Any CPU
		{54C138A8-27A2-4D12-9A91-2D074DEAC8BF}.Debug|iPhoneSimulator.Build.0 = Debug|Any CPU
		{54C138A8-27A2-4D12-9A91-2D074DEAC8BF}.Debug|x64.ActiveCfg = Debug|Any CPU
		{54C138A8-27A2-4D12-9A91-2D074DEAC8BF}.Debug|x64.Build.0 = Debug|Any CPU
		{54C138A8-27A2-4D12-9A91-2D074DEAC8BF}.Debug|x86.ActiveCfg = Debug|Any CPU
		{54C138A8-27A2-4D12-9A91-2D074DEAC8BF}.Debug|x86.Build.0 = Debug|Any CPU
		{54C138A8-27A2-4D12-9A91-2D074DEAC8BF}.Release|Any CPU.ActiveCfg = Release|Any CPU
		{54C138A8-27A2-4D12-9A91-2D074DEAC8BF}.Release|Any CPU.Build.0 = Release|Any CPU
		{54C138A8-27A2-4D12-9A91-2D074DEAC8BF}.Release|ARM.ActiveCfg = Release|Any CPU
		{54C138A8-27A2-4D12-9A91-2D074DEAC8BF}.Release|ARM.Build.0 = Release|Any CPU
		{54C138A8-27A2-4D12-9A91-2D074DEAC8BF}.Release|ARM64.ActiveCfg = Release|Any CPU
		{54C138A8-27A2-4D12-9A91-2D074DEAC8BF}.Release|ARM64.Build.0 = Release|Any CPU
		{54C138A8-27A2-4D12-9A91-2D074DEAC8BF}.Release|iPhone.ActiveCfg = Release|Any CPU
		{54C138A8-27A2-4D12-9A91-2D074DEAC8BF}.Release|iPhone.Build.0 = Release|Any CPU
		{54C138A8-27A2-4D12-9A91-2D074DEAC8BF}.Release|iPhoneSimulator.ActiveCfg = Release|Any CPU
		{54C138A8-27A2-4D12-9A91-2D074DEAC8BF}.Release|iPhoneSimulator.Build.0 = Release|Any CPU
		{54C138A8-27A2-4D12-9A91-2D074DEAC8BF}.Release|x64.ActiveCfg = Release|Any CPU
		{54C138A8-27A2-4D12-9A91-2D074DEAC8BF}.Release|x64.Build.0 = Release|Any CPU
		{54C138A8-27A2-4D12-9A91-2D074DEAC8BF}.Release|x86.ActiveCfg = Release|Any CPU
		{54C138A8-27A2-4D12-9A91-2D074DEAC8BF}.Release|x86.Build.0 = Release|Any CPU
		{1CF541BD-4623-4E0A-8D34-CC5DC0811778}.Debug|Any CPU.ActiveCfg = Debug|Any CPU
		{1CF541BD-4623-4E0A-8D34-CC5DC0811778}.Debug|Any CPU.Build.0 = Debug|Any CPU
		{1CF541BD-4623-4E0A-8D34-CC5DC0811778}.Debug|ARM.ActiveCfg = Debug|Any CPU
		{1CF541BD-4623-4E0A-8D34-CC5DC0811778}.Debug|ARM.Build.0 = Debug|Any CPU
		{1CF541BD-4623-4E0A-8D34-CC5DC0811778}.Debug|ARM64.ActiveCfg = Debug|Any CPU
		{1CF541BD-4623-4E0A-8D34-CC5DC0811778}.Debug|ARM64.Build.0 = Debug|Any CPU
		{1CF541BD-4623-4E0A-8D34-CC5DC0811778}.Debug|iPhone.ActiveCfg = Debug|Any CPU
		{1CF541BD-4623-4E0A-8D34-CC5DC0811778}.Debug|iPhone.Build.0 = Debug|Any CPU
		{1CF541BD-4623-4E0A-8D34-CC5DC0811778}.Debug|iPhoneSimulator.ActiveCfg = Debug|Any CPU
		{1CF541BD-4623-4E0A-8D34-CC5DC0811778}.Debug|iPhoneSimulator.Build.0 = Debug|Any CPU
		{1CF541BD-4623-4E0A-8D34-CC5DC0811778}.Debug|x64.ActiveCfg = Debug|Any CPU
		{1CF541BD-4623-4E0A-8D34-CC5DC0811778}.Debug|x64.Build.0 = Debug|Any CPU
		{1CF541BD-4623-4E0A-8D34-CC5DC0811778}.Debug|x86.ActiveCfg = Debug|Any CPU
		{1CF541BD-4623-4E0A-8D34-CC5DC0811778}.Debug|x86.Build.0 = Debug|Any CPU
		{1CF541BD-4623-4E0A-8D34-CC5DC0811778}.Release|Any CPU.ActiveCfg = Release|Any CPU
		{1CF541BD-4623-4E0A-8D34-CC5DC0811778}.Release|Any CPU.Build.0 = Release|Any CPU
		{1CF541BD-4623-4E0A-8D34-CC5DC0811778}.Release|ARM.ActiveCfg = Release|Any CPU
		{1CF541BD-4623-4E0A-8D34-CC5DC0811778}.Release|ARM.Build.0 = Release|Any CPU
		{1CF541BD-4623-4E0A-8D34-CC5DC0811778}.Release|ARM64.ActiveCfg = Release|Any CPU
		{1CF541BD-4623-4E0A-8D34-CC5DC0811778}.Release|ARM64.Build.0 = Release|Any CPU
		{1CF541BD-4623-4E0A-8D34-CC5DC0811778}.Release|iPhone.ActiveCfg = Release|Any CPU
		{1CF541BD-4623-4E0A-8D34-CC5DC0811778}.Release|iPhone.Build.0 = Release|Any CPU
		{1CF541BD-4623-4E0A-8D34-CC5DC0811778}.Release|iPhoneSimulator.ActiveCfg = Release|Any CPU
		{1CF541BD-4623-4E0A-8D34-CC5DC0811778}.Release|iPhoneSimulator.Build.0 = Release|Any CPU
		{1CF541BD-4623-4E0A-8D34-CC5DC0811778}.Release|x64.ActiveCfg = Release|Any CPU
		{1CF541BD-4623-4E0A-8D34-CC5DC0811778}.Release|x64.Build.0 = Release|Any CPU
		{1CF541BD-4623-4E0A-8D34-CC5DC0811778}.Release|x86.ActiveCfg = Release|Any CPU
		{1CF541BD-4623-4E0A-8D34-CC5DC0811778}.Release|x86.Build.0 = Release|Any CPU
		{415786C2-29CB-4BCB-BF36-49AC2CAED9BA}.Debug|Any CPU.ActiveCfg = Debug|Any CPU
		{415786C2-29CB-4BCB-BF36-49AC2CAED9BA}.Debug|Any CPU.Build.0 = Debug|Any CPU
		{415786C2-29CB-4BCB-BF36-49AC2CAED9BA}.Debug|ARM.ActiveCfg = Debug|Any CPU
		{415786C2-29CB-4BCB-BF36-49AC2CAED9BA}.Debug|ARM.Build.0 = Debug|Any CPU
		{415786C2-29CB-4BCB-BF36-49AC2CAED9BA}.Debug|ARM64.ActiveCfg = Debug|Any CPU
		{415786C2-29CB-4BCB-BF36-49AC2CAED9BA}.Debug|ARM64.Build.0 = Debug|Any CPU
		{415786C2-29CB-4BCB-BF36-49AC2CAED9BA}.Debug|iPhone.ActiveCfg = Debug|Any CPU
		{415786C2-29CB-4BCB-BF36-49AC2CAED9BA}.Debug|iPhone.Build.0 = Debug|Any CPU
		{415786C2-29CB-4BCB-BF36-49AC2CAED9BA}.Debug|iPhoneSimulator.ActiveCfg = Debug|Any CPU
		{415786C2-29CB-4BCB-BF36-49AC2CAED9BA}.Debug|iPhoneSimulator.Build.0 = Debug|Any CPU
		{415786C2-29CB-4BCB-BF36-49AC2CAED9BA}.Debug|x64.ActiveCfg = Debug|Any CPU
		{415786C2-29CB-4BCB-BF36-49AC2CAED9BA}.Debug|x64.Build.0 = Debug|Any CPU
		{415786C2-29CB-4BCB-BF36-49AC2CAED9BA}.Debug|x86.ActiveCfg = Debug|Any CPU
		{415786C2-29CB-4BCB-BF36-49AC2CAED9BA}.Debug|x86.Build.0 = Debug|Any CPU
		{415786C2-29CB-4BCB-BF36-49AC2CAED9BA}.Release|Any CPU.ActiveCfg = Release|Any CPU
		{415786C2-29CB-4BCB-BF36-49AC2CAED9BA}.Release|Any CPU.Build.0 = Release|Any CPU
		{415786C2-29CB-4BCB-BF36-49AC2CAED9BA}.Release|ARM.ActiveCfg = Release|Any CPU
		{415786C2-29CB-4BCB-BF36-49AC2CAED9BA}.Release|ARM.Build.0 = Release|Any CPU
		{415786C2-29CB-4BCB-BF36-49AC2CAED9BA}.Release|ARM64.ActiveCfg = Release|Any CPU
		{415786C2-29CB-4BCB-BF36-49AC2CAED9BA}.Release|ARM64.Build.0 = Release|Any CPU
		{415786C2-29CB-4BCB-BF36-49AC2CAED9BA}.Release|iPhone.ActiveCfg = Release|Any CPU
		{415786C2-29CB-4BCB-BF36-49AC2CAED9BA}.Release|iPhone.Build.0 = Release|Any CPU
		{415786C2-29CB-4BCB-BF36-49AC2CAED9BA}.Release|iPhoneSimulator.ActiveCfg = Release|Any CPU
		{415786C2-29CB-4BCB-BF36-49AC2CAED9BA}.Release|iPhoneSimulator.Build.0 = Release|Any CPU
		{415786C2-29CB-4BCB-BF36-49AC2CAED9BA}.Release|x64.ActiveCfg = Release|Any CPU
		{415786C2-29CB-4BCB-BF36-49AC2CAED9BA}.Release|x64.Build.0 = Release|Any CPU
		{415786C2-29CB-4BCB-BF36-49AC2CAED9BA}.Release|x86.ActiveCfg = Release|Any CPU
		{415786C2-29CB-4BCB-BF36-49AC2CAED9BA}.Release|x86.Build.0 = Release|Any CPU
		{53E482DD-18DF-4A9D-9B6C-3E9986BE986E}.Debug|Any CPU.ActiveCfg = Debug|Any CPU
		{53E482DD-18DF-4A9D-9B6C-3E9986BE986E}.Debug|Any CPU.Build.0 = Debug|Any CPU
		{53E482DD-18DF-4A9D-9B6C-3E9986BE986E}.Debug|ARM.ActiveCfg = Debug|Any CPU
		{53E482DD-18DF-4A9D-9B6C-3E9986BE986E}.Debug|ARM.Build.0 = Debug|Any CPU
		{53E482DD-18DF-4A9D-9B6C-3E9986BE986E}.Debug|ARM64.ActiveCfg = Debug|Any CPU
		{53E482DD-18DF-4A9D-9B6C-3E9986BE986E}.Debug|ARM64.Build.0 = Debug|Any CPU
		{53E482DD-18DF-4A9D-9B6C-3E9986BE986E}.Debug|iPhone.ActiveCfg = Debug|Any CPU
		{53E482DD-18DF-4A9D-9B6C-3E9986BE986E}.Debug|iPhone.Build.0 = Debug|Any CPU
		{53E482DD-18DF-4A9D-9B6C-3E9986BE986E}.Debug|iPhoneSimulator.ActiveCfg = Debug|Any CPU
		{53E482DD-18DF-4A9D-9B6C-3E9986BE986E}.Debug|iPhoneSimulator.Build.0 = Debug|Any CPU
		{53E482DD-18DF-4A9D-9B6C-3E9986BE986E}.Debug|x64.ActiveCfg = Debug|Any CPU
		{53E482DD-18DF-4A9D-9B6C-3E9986BE986E}.Debug|x64.Build.0 = Debug|Any CPU
		{53E482DD-18DF-4A9D-9B6C-3E9986BE986E}.Debug|x86.ActiveCfg = Debug|Any CPU
		{53E482DD-18DF-4A9D-9B6C-3E9986BE986E}.Debug|x86.Build.0 = Debug|Any CPU
		{53E482DD-18DF-4A9D-9B6C-3E9986BE986E}.Release|Any CPU.ActiveCfg = Release|Any CPU
		{53E482DD-18DF-4A9D-9B6C-3E9986BE986E}.Release|Any CPU.Build.0 = Release|Any CPU
		{53E482DD-18DF-4A9D-9B6C-3E9986BE986E}.Release|ARM.ActiveCfg = Release|Any CPU
		{53E482DD-18DF-4A9D-9B6C-3E9986BE986E}.Release|ARM.Build.0 = Release|Any CPU
		{53E482DD-18DF-4A9D-9B6C-3E9986BE986E}.Release|ARM64.ActiveCfg = Release|Any CPU
		{53E482DD-18DF-4A9D-9B6C-3E9986BE986E}.Release|ARM64.Build.0 = Release|Any CPU
		{53E482DD-18DF-4A9D-9B6C-3E9986BE986E}.Release|iPhone.ActiveCfg = Release|Any CPU
		{53E482DD-18DF-4A9D-9B6C-3E9986BE986E}.Release|iPhone.Build.0 = Release|Any CPU
		{53E482DD-18DF-4A9D-9B6C-3E9986BE986E}.Release|iPhoneSimulator.ActiveCfg = Release|Any CPU
		{53E482DD-18DF-4A9D-9B6C-3E9986BE986E}.Release|iPhoneSimulator.Build.0 = Release|Any CPU
		{53E482DD-18DF-4A9D-9B6C-3E9986BE986E}.Release|x64.ActiveCfg = Release|Any CPU
		{53E482DD-18DF-4A9D-9B6C-3E9986BE986E}.Release|x64.Build.0 = Release|Any CPU
		{53E482DD-18DF-4A9D-9B6C-3E9986BE986E}.Release|x86.ActiveCfg = Release|Any CPU
		{53E482DD-18DF-4A9D-9B6C-3E9986BE986E}.Release|x86.Build.0 = Release|Any CPU
		{E71AF9BF-4E88-4AC2-89CC-1D415D1BB627}.Debug|Any CPU.ActiveCfg = Debug|Any CPU
		{E71AF9BF-4E88-4AC2-89CC-1D415D1BB627}.Debug|Any CPU.Build.0 = Debug|Any CPU
		{E71AF9BF-4E88-4AC2-89CC-1D415D1BB627}.Debug|ARM.ActiveCfg = Debug|Any CPU
		{E71AF9BF-4E88-4AC2-89CC-1D415D1BB627}.Debug|ARM.Build.0 = Debug|Any CPU
		{E71AF9BF-4E88-4AC2-89CC-1D415D1BB627}.Debug|ARM64.ActiveCfg = Debug|Any CPU
		{E71AF9BF-4E88-4AC2-89CC-1D415D1BB627}.Debug|ARM64.Build.0 = Debug|Any CPU
		{E71AF9BF-4E88-4AC2-89CC-1D415D1BB627}.Debug|iPhone.ActiveCfg = Debug|Any CPU
		{E71AF9BF-4E88-4AC2-89CC-1D415D1BB627}.Debug|iPhone.Build.0 = Debug|Any CPU
		{E71AF9BF-4E88-4AC2-89CC-1D415D1BB627}.Debug|iPhoneSimulator.ActiveCfg = Debug|Any CPU
		{E71AF9BF-4E88-4AC2-89CC-1D415D1BB627}.Debug|iPhoneSimulator.Build.0 = Debug|Any CPU
		{E71AF9BF-4E88-4AC2-89CC-1D415D1BB627}.Debug|x64.ActiveCfg = Debug|Any CPU
		{E71AF9BF-4E88-4AC2-89CC-1D415D1BB627}.Debug|x64.Build.0 = Debug|Any CPU
		{E71AF9BF-4E88-4AC2-89CC-1D415D1BB627}.Debug|x86.ActiveCfg = Debug|Any CPU
		{E71AF9BF-4E88-4AC2-89CC-1D415D1BB627}.Debug|x86.Build.0 = Debug|Any CPU
		{E71AF9BF-4E88-4AC2-89CC-1D415D1BB627}.Release|Any CPU.ActiveCfg = Release|Any CPU
		{E71AF9BF-4E88-4AC2-89CC-1D415D1BB627}.Release|Any CPU.Build.0 = Release|Any CPU
		{E71AF9BF-4E88-4AC2-89CC-1D415D1BB627}.Release|ARM.ActiveCfg = Release|Any CPU
		{E71AF9BF-4E88-4AC2-89CC-1D415D1BB627}.Release|ARM.Build.0 = Release|Any CPU
		{E71AF9BF-4E88-4AC2-89CC-1D415D1BB627}.Release|ARM64.ActiveCfg = Release|Any CPU
		{E71AF9BF-4E88-4AC2-89CC-1D415D1BB627}.Release|ARM64.Build.0 = Release|Any CPU
		{E71AF9BF-4E88-4AC2-89CC-1D415D1BB627}.Release|iPhone.ActiveCfg = Release|Any CPU
		{E71AF9BF-4E88-4AC2-89CC-1D415D1BB627}.Release|iPhone.Build.0 = Release|Any CPU
		{E71AF9BF-4E88-4AC2-89CC-1D415D1BB627}.Release|iPhoneSimulator.ActiveCfg = Release|Any CPU
		{E71AF9BF-4E88-4AC2-89CC-1D415D1BB627}.Release|iPhoneSimulator.Build.0 = Release|Any CPU
		{E71AF9BF-4E88-4AC2-89CC-1D415D1BB627}.Release|x64.ActiveCfg = Release|Any CPU
		{E71AF9BF-4E88-4AC2-89CC-1D415D1BB627}.Release|x64.Build.0 = Release|Any CPU
		{E71AF9BF-4E88-4AC2-89CC-1D415D1BB627}.Release|x86.ActiveCfg = Release|Any CPU
		{E71AF9BF-4E88-4AC2-89CC-1D415D1BB627}.Release|x86.Build.0 = Release|Any CPU
		{4A79797F-8251-4072-9AE4-A79FBD9AF10B}.Debug|Any CPU.ActiveCfg = Debug|Any CPU
		{4A79797F-8251-4072-9AE4-A79FBD9AF10B}.Debug|Any CPU.Build.0 = Debug|Any CPU
		{4A79797F-8251-4072-9AE4-A79FBD9AF10B}.Debug|ARM.ActiveCfg = Debug|Any CPU
		{4A79797F-8251-4072-9AE4-A79FBD9AF10B}.Debug|ARM.Build.0 = Debug|Any CPU
		{4A79797F-8251-4072-9AE4-A79FBD9AF10B}.Debug|ARM64.ActiveCfg = Debug|Any CPU
		{4A79797F-8251-4072-9AE4-A79FBD9AF10B}.Debug|ARM64.Build.0 = Debug|Any CPU
		{4A79797F-8251-4072-9AE4-A79FBD9AF10B}.Debug|iPhone.ActiveCfg = Debug|Any CPU
		{4A79797F-8251-4072-9AE4-A79FBD9AF10B}.Debug|iPhone.Build.0 = Debug|Any CPU
		{4A79797F-8251-4072-9AE4-A79FBD9AF10B}.Debug|iPhoneSimulator.ActiveCfg = Debug|Any CPU
		{4A79797F-8251-4072-9AE4-A79FBD9AF10B}.Debug|iPhoneSimulator.Build.0 = Debug|Any CPU
		{4A79797F-8251-4072-9AE4-A79FBD9AF10B}.Debug|x64.ActiveCfg = Debug|Any CPU
		{4A79797F-8251-4072-9AE4-A79FBD9AF10B}.Debug|x64.Build.0 = Debug|Any CPU
		{4A79797F-8251-4072-9AE4-A79FBD9AF10B}.Debug|x86.ActiveCfg = Debug|Any CPU
		{4A79797F-8251-4072-9AE4-A79FBD9AF10B}.Debug|x86.Build.0 = Debug|Any CPU
		{4A79797F-8251-4072-9AE4-A79FBD9AF10B}.Release|Any CPU.ActiveCfg = Release|Any CPU
		{4A79797F-8251-4072-9AE4-A79FBD9AF10B}.Release|Any CPU.Build.0 = Release|Any CPU
		{4A79797F-8251-4072-9AE4-A79FBD9AF10B}.Release|ARM.ActiveCfg = Release|Any CPU
		{4A79797F-8251-4072-9AE4-A79FBD9AF10B}.Release|ARM.Build.0 = Release|Any CPU
		{4A79797F-8251-4072-9AE4-A79FBD9AF10B}.Release|ARM64.ActiveCfg = Release|Any CPU
		{4A79797F-8251-4072-9AE4-A79FBD9AF10B}.Release|ARM64.Build.0 = Release|Any CPU
		{4A79797F-8251-4072-9AE4-A79FBD9AF10B}.Release|iPhone.ActiveCfg = Release|Any CPU
		{4A79797F-8251-4072-9AE4-A79FBD9AF10B}.Release|iPhone.Build.0 = Release|Any CPU
		{4A79797F-8251-4072-9AE4-A79FBD9AF10B}.Release|iPhoneSimulator.ActiveCfg = Release|Any CPU
		{4A79797F-8251-4072-9AE4-A79FBD9AF10B}.Release|iPhoneSimulator.Build.0 = Release|Any CPU
		{4A79797F-8251-4072-9AE4-A79FBD9AF10B}.Release|x64.ActiveCfg = Release|Any CPU
		{4A79797F-8251-4072-9AE4-A79FBD9AF10B}.Release|x64.Build.0 = Release|Any CPU
		{4A79797F-8251-4072-9AE4-A79FBD9AF10B}.Release|x86.ActiveCfg = Release|Any CPU
		{4A79797F-8251-4072-9AE4-A79FBD9AF10B}.Release|x86.Build.0 = Release|Any CPU
		{3B8FAE11-D333-4FB9-B5A6-4E0614BAD6AB}.Debug|Any CPU.ActiveCfg = Debug|Any CPU
		{3B8FAE11-D333-4FB9-B5A6-4E0614BAD6AB}.Debug|Any CPU.Build.0 = Debug|Any CPU
		{3B8FAE11-D333-4FB9-B5A6-4E0614BAD6AB}.Debug|ARM.ActiveCfg = Debug|Any CPU
		{3B8FAE11-D333-4FB9-B5A6-4E0614BAD6AB}.Debug|ARM.Build.0 = Debug|Any CPU
		{3B8FAE11-D333-4FB9-B5A6-4E0614BAD6AB}.Debug|ARM64.ActiveCfg = Debug|Any CPU
		{3B8FAE11-D333-4FB9-B5A6-4E0614BAD6AB}.Debug|ARM64.Build.0 = Debug|Any CPU
		{3B8FAE11-D333-4FB9-B5A6-4E0614BAD6AB}.Debug|iPhone.ActiveCfg = Debug|Any CPU
		{3B8FAE11-D333-4FB9-B5A6-4E0614BAD6AB}.Debug|iPhone.Build.0 = Debug|Any CPU
		{3B8FAE11-D333-4FB9-B5A6-4E0614BAD6AB}.Debug|iPhoneSimulator.ActiveCfg = Debug|Any CPU
		{3B8FAE11-D333-4FB9-B5A6-4E0614BAD6AB}.Debug|iPhoneSimulator.Build.0 = Debug|Any CPU
		{3B8FAE11-D333-4FB9-B5A6-4E0614BAD6AB}.Debug|x64.ActiveCfg = Debug|Any CPU
		{3B8FAE11-D333-4FB9-B5A6-4E0614BAD6AB}.Debug|x64.Build.0 = Debug|Any CPU
		{3B8FAE11-D333-4FB9-B5A6-4E0614BAD6AB}.Debug|x86.ActiveCfg = Debug|Any CPU
		{3B8FAE11-D333-4FB9-B5A6-4E0614BAD6AB}.Debug|x86.Build.0 = Debug|Any CPU
		{3B8FAE11-D333-4FB9-B5A6-4E0614BAD6AB}.Release|Any CPU.ActiveCfg = Release|Any CPU
		{3B8FAE11-D333-4FB9-B5A6-4E0614BAD6AB}.Release|Any CPU.Build.0 = Release|Any CPU
		{3B8FAE11-D333-4FB9-B5A6-4E0614BAD6AB}.Release|ARM.ActiveCfg = Release|Any CPU
		{3B8FAE11-D333-4FB9-B5A6-4E0614BAD6AB}.Release|ARM.Build.0 = Release|Any CPU
		{3B8FAE11-D333-4FB9-B5A6-4E0614BAD6AB}.Release|ARM64.ActiveCfg = Release|Any CPU
		{3B8FAE11-D333-4FB9-B5A6-4E0614BAD6AB}.Release|ARM64.Build.0 = Release|Any CPU
		{3B8FAE11-D333-4FB9-B5A6-4E0614BAD6AB}.Release|iPhone.ActiveCfg = Release|Any CPU
		{3B8FAE11-D333-4FB9-B5A6-4E0614BAD6AB}.Release|iPhone.Build.0 = Release|Any CPU
		{3B8FAE11-D333-4FB9-B5A6-4E0614BAD6AB}.Release|iPhoneSimulator.ActiveCfg = Release|Any CPU
		{3B8FAE11-D333-4FB9-B5A6-4E0614BAD6AB}.Release|iPhoneSimulator.Build.0 = Release|Any CPU
		{3B8FAE11-D333-4FB9-B5A6-4E0614BAD6AB}.Release|x64.ActiveCfg = Release|Any CPU
		{3B8FAE11-D333-4FB9-B5A6-4E0614BAD6AB}.Release|x64.Build.0 = Release|Any CPU
		{3B8FAE11-D333-4FB9-B5A6-4E0614BAD6AB}.Release|x86.ActiveCfg = Release|Any CPU
		{3B8FAE11-D333-4FB9-B5A6-4E0614BAD6AB}.Release|x86.Build.0 = Release|Any CPU
		{27B37FCE-7A57-4307-BF23-E5445DAA1570}.Debug|Any CPU.ActiveCfg = Debug|Any CPU
		{27B37FCE-7A57-4307-BF23-E5445DAA1570}.Debug|Any CPU.Build.0 = Debug|Any CPU
		{27B37FCE-7A57-4307-BF23-E5445DAA1570}.Debug|ARM.ActiveCfg = Debug|Any CPU
		{27B37FCE-7A57-4307-BF23-E5445DAA1570}.Debug|ARM.Build.0 = Debug|Any CPU
		{27B37FCE-7A57-4307-BF23-E5445DAA1570}.Debug|ARM64.ActiveCfg = Debug|Any CPU
		{27B37FCE-7A57-4307-BF23-E5445DAA1570}.Debug|ARM64.Build.0 = Debug|Any CPU
		{27B37FCE-7A57-4307-BF23-E5445DAA1570}.Debug|iPhone.ActiveCfg = Debug|Any CPU
		{27B37FCE-7A57-4307-BF23-E5445DAA1570}.Debug|iPhone.Build.0 = Debug|Any CPU
		{27B37FCE-7A57-4307-BF23-E5445DAA1570}.Debug|iPhoneSimulator.ActiveCfg = Debug|Any CPU
		{27B37FCE-7A57-4307-BF23-E5445DAA1570}.Debug|iPhoneSimulator.Build.0 = Debug|Any CPU
		{27B37FCE-7A57-4307-BF23-E5445DAA1570}.Debug|x64.ActiveCfg = Debug|Any CPU
		{27B37FCE-7A57-4307-BF23-E5445DAA1570}.Debug|x64.Build.0 = Debug|Any CPU
		{27B37FCE-7A57-4307-BF23-E5445DAA1570}.Debug|x86.ActiveCfg = Debug|Any CPU
		{27B37FCE-7A57-4307-BF23-E5445DAA1570}.Debug|x86.Build.0 = Debug|Any CPU
		{27B37FCE-7A57-4307-BF23-E5445DAA1570}.Release|Any CPU.ActiveCfg = Release|Any CPU
		{27B37FCE-7A57-4307-BF23-E5445DAA1570}.Release|Any CPU.Build.0 = Release|Any CPU
		{27B37FCE-7A57-4307-BF23-E5445DAA1570}.Release|ARM.ActiveCfg = Release|Any CPU
		{27B37FCE-7A57-4307-BF23-E5445DAA1570}.Release|ARM.Build.0 = Release|Any CPU
		{27B37FCE-7A57-4307-BF23-E5445DAA1570}.Release|ARM64.ActiveCfg = Release|Any CPU
		{27B37FCE-7A57-4307-BF23-E5445DAA1570}.Release|ARM64.Build.0 = Release|Any CPU
		{27B37FCE-7A57-4307-BF23-E5445DAA1570}.Release|iPhone.ActiveCfg = Release|Any CPU
		{27B37FCE-7A57-4307-BF23-E5445DAA1570}.Release|iPhone.Build.0 = Release|Any CPU
		{27B37FCE-7A57-4307-BF23-E5445DAA1570}.Release|iPhoneSimulator.ActiveCfg = Release|Any CPU
		{27B37FCE-7A57-4307-BF23-E5445DAA1570}.Release|iPhoneSimulator.Build.0 = Release|Any CPU
		{27B37FCE-7A57-4307-BF23-E5445DAA1570}.Release|x64.ActiveCfg = Release|Any CPU
		{27B37FCE-7A57-4307-BF23-E5445DAA1570}.Release|x64.Build.0 = Release|Any CPU
		{27B37FCE-7A57-4307-BF23-E5445DAA1570}.Release|x86.ActiveCfg = Release|Any CPU
		{27B37FCE-7A57-4307-BF23-E5445DAA1570}.Release|x86.Build.0 = Release|Any CPU
		{197FCEB2-A016-47F3-AC46-960A09EB1B20}.Debug|Any CPU.ActiveCfg = Debug|Any CPU
		{197FCEB2-A016-47F3-AC46-960A09EB1B20}.Debug|Any CPU.Build.0 = Debug|Any CPU
		{197FCEB2-A016-47F3-AC46-960A09EB1B20}.Debug|ARM.ActiveCfg = Debug|Any CPU
		{197FCEB2-A016-47F3-AC46-960A09EB1B20}.Debug|ARM.Build.0 = Debug|Any CPU
		{197FCEB2-A016-47F3-AC46-960A09EB1B20}.Debug|ARM64.ActiveCfg = Debug|Any CPU
		{197FCEB2-A016-47F3-AC46-960A09EB1B20}.Debug|ARM64.Build.0 = Debug|Any CPU
		{197FCEB2-A016-47F3-AC46-960A09EB1B20}.Debug|iPhone.ActiveCfg = Debug|Any CPU
		{197FCEB2-A016-47F3-AC46-960A09EB1B20}.Debug|iPhone.Build.0 = Debug|Any CPU
		{197FCEB2-A016-47F3-AC46-960A09EB1B20}.Debug|iPhoneSimulator.ActiveCfg = Debug|Any CPU
		{197FCEB2-A016-47F3-AC46-960A09EB1B20}.Debug|iPhoneSimulator.Build.0 = Debug|Any CPU
		{197FCEB2-A016-47F3-AC46-960A09EB1B20}.Debug|x64.ActiveCfg = Debug|Any CPU
		{197FCEB2-A016-47F3-AC46-960A09EB1B20}.Debug|x64.Build.0 = Debug|Any CPU
		{197FCEB2-A016-47F3-AC46-960A09EB1B20}.Debug|x86.ActiveCfg = Debug|Any CPU
		{197FCEB2-A016-47F3-AC46-960A09EB1B20}.Debug|x86.Build.0 = Debug|Any CPU
		{197FCEB2-A016-47F3-AC46-960A09EB1B20}.Release|Any CPU.ActiveCfg = Release|Any CPU
		{197FCEB2-A016-47F3-AC46-960A09EB1B20}.Release|Any CPU.Build.0 = Release|Any CPU
		{197FCEB2-A016-47F3-AC46-960A09EB1B20}.Release|ARM.ActiveCfg = Release|Any CPU
		{197FCEB2-A016-47F3-AC46-960A09EB1B20}.Release|ARM.Build.0 = Release|Any CPU
		{197FCEB2-A016-47F3-AC46-960A09EB1B20}.Release|ARM64.ActiveCfg = Release|Any CPU
		{197FCEB2-A016-47F3-AC46-960A09EB1B20}.Release|ARM64.Build.0 = Release|Any CPU
		{197FCEB2-A016-47F3-AC46-960A09EB1B20}.Release|iPhone.ActiveCfg = Release|Any CPU
		{197FCEB2-A016-47F3-AC46-960A09EB1B20}.Release|iPhone.Build.0 = Release|Any CPU
		{197FCEB2-A016-47F3-AC46-960A09EB1B20}.Release|iPhoneSimulator.ActiveCfg = Release|Any CPU
		{197FCEB2-A016-47F3-AC46-960A09EB1B20}.Release|iPhoneSimulator.Build.0 = Release|Any CPU
		{197FCEB2-A016-47F3-AC46-960A09EB1B20}.Release|x64.ActiveCfg = Release|Any CPU
		{197FCEB2-A016-47F3-AC46-960A09EB1B20}.Release|x64.Build.0 = Release|Any CPU
		{197FCEB2-A016-47F3-AC46-960A09EB1B20}.Release|x86.ActiveCfg = Release|Any CPU
		{197FCEB2-A016-47F3-AC46-960A09EB1B20}.Release|x86.Build.0 = Release|Any CPU
		{99AD4B80-8E37-433C-8455-562C128C1849}.Debug|Any CPU.ActiveCfg = Debug|Any CPU
		{99AD4B80-8E37-433C-8455-562C128C1849}.Debug|Any CPU.Build.0 = Debug|Any CPU
		{99AD4B80-8E37-433C-8455-562C128C1849}.Debug|ARM.ActiveCfg = Debug|Any CPU
		{99AD4B80-8E37-433C-8455-562C128C1849}.Debug|ARM.Build.0 = Debug|Any CPU
		{99AD4B80-8E37-433C-8455-562C128C1849}.Debug|ARM64.ActiveCfg = Debug|Any CPU
		{99AD4B80-8E37-433C-8455-562C128C1849}.Debug|ARM64.Build.0 = Debug|Any CPU
		{99AD4B80-8E37-433C-8455-562C128C1849}.Debug|iPhone.ActiveCfg = Debug|Any CPU
		{99AD4B80-8E37-433C-8455-562C128C1849}.Debug|iPhone.Build.0 = Debug|Any CPU
		{99AD4B80-8E37-433C-8455-562C128C1849}.Debug|iPhoneSimulator.ActiveCfg = Debug|Any CPU
		{99AD4B80-8E37-433C-8455-562C128C1849}.Debug|iPhoneSimulator.Build.0 = Debug|Any CPU
		{99AD4B80-8E37-433C-8455-562C128C1849}.Debug|x64.ActiveCfg = Debug|Any CPU
		{99AD4B80-8E37-433C-8455-562C128C1849}.Debug|x64.Build.0 = Debug|Any CPU
		{99AD4B80-8E37-433C-8455-562C128C1849}.Debug|x86.ActiveCfg = Debug|Any CPU
		{99AD4B80-8E37-433C-8455-562C128C1849}.Debug|x86.Build.0 = Debug|Any CPU
		{99AD4B80-8E37-433C-8455-562C128C1849}.Release|Any CPU.ActiveCfg = Release|Any CPU
		{99AD4B80-8E37-433C-8455-562C128C1849}.Release|Any CPU.Build.0 = Release|Any CPU
		{99AD4B80-8E37-433C-8455-562C128C1849}.Release|ARM.ActiveCfg = Release|Any CPU
		{99AD4B80-8E37-433C-8455-562C128C1849}.Release|ARM.Build.0 = Release|Any CPU
		{99AD4B80-8E37-433C-8455-562C128C1849}.Release|ARM64.ActiveCfg = Release|Any CPU
		{99AD4B80-8E37-433C-8455-562C128C1849}.Release|ARM64.Build.0 = Release|Any CPU
		{99AD4B80-8E37-433C-8455-562C128C1849}.Release|iPhone.ActiveCfg = Release|Any CPU
		{99AD4B80-8E37-433C-8455-562C128C1849}.Release|iPhone.Build.0 = Release|Any CPU
		{99AD4B80-8E37-433C-8455-562C128C1849}.Release|iPhoneSimulator.ActiveCfg = Release|Any CPU
		{99AD4B80-8E37-433C-8455-562C128C1849}.Release|iPhoneSimulator.Build.0 = Release|Any CPU
		{99AD4B80-8E37-433C-8455-562C128C1849}.Release|x64.ActiveCfg = Release|Any CPU
		{99AD4B80-8E37-433C-8455-562C128C1849}.Release|x64.Build.0 = Release|Any CPU
		{99AD4B80-8E37-433C-8455-562C128C1849}.Release|x86.ActiveCfg = Release|Any CPU
		{99AD4B80-8E37-433C-8455-562C128C1849}.Release|x86.Build.0 = Release|Any CPU
		{01CD758E-51D0-454D-A9B4-7B229047E2E8}.Debug|Any CPU.ActiveCfg = Debug|Any CPU
		{01CD758E-51D0-454D-A9B4-7B229047E2E8}.Debug|Any CPU.Build.0 = Debug|Any CPU
		{01CD758E-51D0-454D-A9B4-7B229047E2E8}.Debug|Any CPU.Deploy.0 = Debug|Any CPU
		{01CD758E-51D0-454D-A9B4-7B229047E2E8}.Debug|ARM.ActiveCfg = Debug|Any CPU
		{01CD758E-51D0-454D-A9B4-7B229047E2E8}.Debug|ARM.Build.0 = Debug|Any CPU
		{01CD758E-51D0-454D-A9B4-7B229047E2E8}.Debug|ARM.Deploy.0 = Debug|Any CPU
		{01CD758E-51D0-454D-A9B4-7B229047E2E8}.Debug|ARM64.ActiveCfg = Debug|Any CPU
		{01CD758E-51D0-454D-A9B4-7B229047E2E8}.Debug|ARM64.Build.0 = Debug|Any CPU
		{01CD758E-51D0-454D-A9B4-7B229047E2E8}.Debug|ARM64.Deploy.0 = Debug|Any CPU
		{01CD758E-51D0-454D-A9B4-7B229047E2E8}.Debug|iPhone.ActiveCfg = Debug|Any CPU
		{01CD758E-51D0-454D-A9B4-7B229047E2E8}.Debug|iPhone.Build.0 = Debug|Any CPU
		{01CD758E-51D0-454D-A9B4-7B229047E2E8}.Debug|iPhone.Deploy.0 = Debug|Any CPU
		{01CD758E-51D0-454D-A9B4-7B229047E2E8}.Debug|iPhoneSimulator.ActiveCfg = Debug|Any CPU
		{01CD758E-51D0-454D-A9B4-7B229047E2E8}.Debug|iPhoneSimulator.Build.0 = Debug|Any CPU
		{01CD758E-51D0-454D-A9B4-7B229047E2E8}.Debug|iPhoneSimulator.Deploy.0 = Debug|Any CPU
		{01CD758E-51D0-454D-A9B4-7B229047E2E8}.Debug|x64.ActiveCfg = Debug|Any CPU
		{01CD758E-51D0-454D-A9B4-7B229047E2E8}.Debug|x64.Build.0 = Debug|Any CPU
		{01CD758E-51D0-454D-A9B4-7B229047E2E8}.Debug|x64.Deploy.0 = Debug|Any CPU
		{01CD758E-51D0-454D-A9B4-7B229047E2E8}.Debug|x86.ActiveCfg = Debug|Any CPU
		{01CD758E-51D0-454D-A9B4-7B229047E2E8}.Debug|x86.Build.0 = Debug|Any CPU
		{01CD758E-51D0-454D-A9B4-7B229047E2E8}.Debug|x86.Deploy.0 = Debug|Any CPU
		{01CD758E-51D0-454D-A9B4-7B229047E2E8}.Release|Any CPU.ActiveCfg = Release|Any CPU
		{01CD758E-51D0-454D-A9B4-7B229047E2E8}.Release|Any CPU.Build.0 = Release|Any CPU
		{01CD758E-51D0-454D-A9B4-7B229047E2E8}.Release|Any CPU.Deploy.0 = Release|Any CPU
		{01CD758E-51D0-454D-A9B4-7B229047E2E8}.Release|ARM.ActiveCfg = Release|Any CPU
		{01CD758E-51D0-454D-A9B4-7B229047E2E8}.Release|ARM.Build.0 = Release|Any CPU
		{01CD758E-51D0-454D-A9B4-7B229047E2E8}.Release|ARM.Deploy.0 = Release|Any CPU
		{01CD758E-51D0-454D-A9B4-7B229047E2E8}.Release|ARM64.ActiveCfg = Release|Any CPU
		{01CD758E-51D0-454D-A9B4-7B229047E2E8}.Release|ARM64.Build.0 = Release|Any CPU
		{01CD758E-51D0-454D-A9B4-7B229047E2E8}.Release|ARM64.Deploy.0 = Release|Any CPU
		{01CD758E-51D0-454D-A9B4-7B229047E2E8}.Release|iPhone.ActiveCfg = Release|Any CPU
		{01CD758E-51D0-454D-A9B4-7B229047E2E8}.Release|iPhone.Build.0 = Release|Any CPU
		{01CD758E-51D0-454D-A9B4-7B229047E2E8}.Release|iPhone.Deploy.0 = Release|Any CPU
		{01CD758E-51D0-454D-A9B4-7B229047E2E8}.Release|iPhoneSimulator.ActiveCfg = Release|Any CPU
		{01CD758E-51D0-454D-A9B4-7B229047E2E8}.Release|iPhoneSimulator.Build.0 = Release|Any CPU
		{01CD758E-51D0-454D-A9B4-7B229047E2E8}.Release|iPhoneSimulator.Deploy.0 = Release|Any CPU
		{01CD758E-51D0-454D-A9B4-7B229047E2E8}.Release|x64.ActiveCfg = Release|Any CPU
		{01CD758E-51D0-454D-A9B4-7B229047E2E8}.Release|x64.Build.0 = Release|Any CPU
		{01CD758E-51D0-454D-A9B4-7B229047E2E8}.Release|x64.Deploy.0 = Release|Any CPU
		{01CD758E-51D0-454D-A9B4-7B229047E2E8}.Release|x86.ActiveCfg = Release|Any CPU
		{01CD758E-51D0-454D-A9B4-7B229047E2E8}.Release|x86.Build.0 = Release|Any CPU
		{01CD758E-51D0-454D-A9B4-7B229047E2E8}.Release|x86.Deploy.0 = Release|Any CPU
		{7CA1C31A-ACD9-46AF-A1D3-70A3848842B5}.Debug|Any CPU.ActiveCfg = Debug|iPhone
		{7CA1C31A-ACD9-46AF-A1D3-70A3848842B5}.Debug|ARM.ActiveCfg = Debug|iPhone
		{7CA1C31A-ACD9-46AF-A1D3-70A3848842B5}.Debug|ARM64.ActiveCfg = Debug|iPhoneSimulator
		{7CA1C31A-ACD9-46AF-A1D3-70A3848842B5}.Debug|iPhone.ActiveCfg = Debug|iPhone
		{7CA1C31A-ACD9-46AF-A1D3-70A3848842B5}.Debug|iPhone.Build.0 = Debug|iPhone
		{7CA1C31A-ACD9-46AF-A1D3-70A3848842B5}.Debug|iPhoneSimulator.ActiveCfg = Debug|iPhoneSimulator
		{7CA1C31A-ACD9-46AF-A1D3-70A3848842B5}.Debug|iPhoneSimulator.Build.0 = Debug|iPhoneSimulator
		{7CA1C31A-ACD9-46AF-A1D3-70A3848842B5}.Debug|x64.ActiveCfg = Debug|iPhone
		{7CA1C31A-ACD9-46AF-A1D3-70A3848842B5}.Debug|x86.ActiveCfg = Debug|iPhone
		{7CA1C31A-ACD9-46AF-A1D3-70A3848842B5}.Release|Any CPU.ActiveCfg = Release|iPhone
		{7CA1C31A-ACD9-46AF-A1D3-70A3848842B5}.Release|ARM.ActiveCfg = Release|iPhone
		{7CA1C31A-ACD9-46AF-A1D3-70A3848842B5}.Release|ARM64.ActiveCfg = Release|iPhoneSimulator
		{7CA1C31A-ACD9-46AF-A1D3-70A3848842B5}.Release|iPhone.ActiveCfg = Release|iPhone
		{7CA1C31A-ACD9-46AF-A1D3-70A3848842B5}.Release|iPhone.Build.0 = Release|iPhone
		{7CA1C31A-ACD9-46AF-A1D3-70A3848842B5}.Release|iPhoneSimulator.ActiveCfg = Release|iPhoneSimulator
		{7CA1C31A-ACD9-46AF-A1D3-70A3848842B5}.Release|iPhoneSimulator.Build.0 = Release|iPhoneSimulator
		{7CA1C31A-ACD9-46AF-A1D3-70A3848842B5}.Release|x64.ActiveCfg = Release|iPhone
		{7CA1C31A-ACD9-46AF-A1D3-70A3848842B5}.Release|x86.ActiveCfg = Release|iPhone
		{11C75F12-A4A1-41EB-B919-3A36AB3FACBB}.Debug|Any CPU.ActiveCfg = Debug|x86
		{11C75F12-A4A1-41EB-B919-3A36AB3FACBB}.Debug|ARM.ActiveCfg = Debug|ARM
		{11C75F12-A4A1-41EB-B919-3A36AB3FACBB}.Debug|ARM.Build.0 = Debug|ARM
		{11C75F12-A4A1-41EB-B919-3A36AB3FACBB}.Debug|ARM.Deploy.0 = Debug|ARM
		{11C75F12-A4A1-41EB-B919-3A36AB3FACBB}.Debug|ARM64.ActiveCfg = Debug|x86
		{11C75F12-A4A1-41EB-B919-3A36AB3FACBB}.Debug|iPhone.ActiveCfg = Debug|x86
		{11C75F12-A4A1-41EB-B919-3A36AB3FACBB}.Debug|iPhoneSimulator.ActiveCfg = Debug|x86
		{11C75F12-A4A1-41EB-B919-3A36AB3FACBB}.Debug|x64.ActiveCfg = Debug|x64
		{11C75F12-A4A1-41EB-B919-3A36AB3FACBB}.Debug|x64.Build.0 = Debug|x64
		{11C75F12-A4A1-41EB-B919-3A36AB3FACBB}.Debug|x64.Deploy.0 = Debug|x64
		{11C75F12-A4A1-41EB-B919-3A36AB3FACBB}.Debug|x86.ActiveCfg = Debug|x86
		{11C75F12-A4A1-41EB-B919-3A36AB3FACBB}.Debug|x86.Build.0 = Debug|x86
		{11C75F12-A4A1-41EB-B919-3A36AB3FACBB}.Debug|x86.Deploy.0 = Debug|x86
		{11C75F12-A4A1-41EB-B919-3A36AB3FACBB}.Release|Any CPU.ActiveCfg = Release|x86
		{11C75F12-A4A1-41EB-B919-3A36AB3FACBB}.Release|ARM.ActiveCfg = Release|ARM
		{11C75F12-A4A1-41EB-B919-3A36AB3FACBB}.Release|ARM.Build.0 = Release|ARM
		{11C75F12-A4A1-41EB-B919-3A36AB3FACBB}.Release|ARM.Deploy.0 = Release|ARM
		{11C75F12-A4A1-41EB-B919-3A36AB3FACBB}.Release|ARM64.ActiveCfg = Release|x86
		{11C75F12-A4A1-41EB-B919-3A36AB3FACBB}.Release|iPhone.ActiveCfg = Release|x86
		{11C75F12-A4A1-41EB-B919-3A36AB3FACBB}.Release|iPhoneSimulator.ActiveCfg = Release|x86
		{11C75F12-A4A1-41EB-B919-3A36AB3FACBB}.Release|x64.ActiveCfg = Release|x64
		{11C75F12-A4A1-41EB-B919-3A36AB3FACBB}.Release|x64.Build.0 = Release|x64
		{11C75F12-A4A1-41EB-B919-3A36AB3FACBB}.Release|x64.Deploy.0 = Release|x64
		{11C75F12-A4A1-41EB-B919-3A36AB3FACBB}.Release|x86.ActiveCfg = Release|x86
		{11C75F12-A4A1-41EB-B919-3A36AB3FACBB}.Release|x86.Build.0 = Release|x86
		{11C75F12-A4A1-41EB-B919-3A36AB3FACBB}.Release|x86.Deploy.0 = Release|x86
		{8E2B1665-3B73-4299-BB1F-FA8E62A5DB63}.Debug|Any CPU.ActiveCfg = Debug|Any CPU
		{8E2B1665-3B73-4299-BB1F-FA8E62A5DB63}.Debug|Any CPU.Build.0 = Debug|Any CPU
		{8E2B1665-3B73-4299-BB1F-FA8E62A5DB63}.Debug|ARM.ActiveCfg = Debug|Any CPU
		{8E2B1665-3B73-4299-BB1F-FA8E62A5DB63}.Debug|ARM.Build.0 = Debug|Any CPU
		{8E2B1665-3B73-4299-BB1F-FA8E62A5DB63}.Debug|ARM64.ActiveCfg = Debug|Any CPU
		{8E2B1665-3B73-4299-BB1F-FA8E62A5DB63}.Debug|ARM64.Build.0 = Debug|Any CPU
		{8E2B1665-3B73-4299-BB1F-FA8E62A5DB63}.Debug|iPhone.ActiveCfg = Debug|Any CPU
		{8E2B1665-3B73-4299-BB1F-FA8E62A5DB63}.Debug|iPhone.Build.0 = Debug|Any CPU
		{8E2B1665-3B73-4299-BB1F-FA8E62A5DB63}.Debug|iPhoneSimulator.ActiveCfg = Debug|Any CPU
		{8E2B1665-3B73-4299-BB1F-FA8E62A5DB63}.Debug|iPhoneSimulator.Build.0 = Debug|Any CPU
		{8E2B1665-3B73-4299-BB1F-FA8E62A5DB63}.Debug|x64.ActiveCfg = Debug|Any CPU
		{8E2B1665-3B73-4299-BB1F-FA8E62A5DB63}.Debug|x64.Build.0 = Debug|Any CPU
		{8E2B1665-3B73-4299-BB1F-FA8E62A5DB63}.Debug|x86.ActiveCfg = Debug|Any CPU
		{8E2B1665-3B73-4299-BB1F-FA8E62A5DB63}.Debug|x86.Build.0 = Debug|Any CPU
		{8E2B1665-3B73-4299-BB1F-FA8E62A5DB63}.Release|Any CPU.ActiveCfg = Release|Any CPU
		{8E2B1665-3B73-4299-BB1F-FA8E62A5DB63}.Release|Any CPU.Build.0 = Release|Any CPU
		{8E2B1665-3B73-4299-BB1F-FA8E62A5DB63}.Release|ARM.ActiveCfg = Release|Any CPU
		{8E2B1665-3B73-4299-BB1F-FA8E62A5DB63}.Release|ARM.Build.0 = Release|Any CPU
		{8E2B1665-3B73-4299-BB1F-FA8E62A5DB63}.Release|ARM64.ActiveCfg = Release|Any CPU
		{8E2B1665-3B73-4299-BB1F-FA8E62A5DB63}.Release|ARM64.Build.0 = Release|Any CPU
		{8E2B1665-3B73-4299-BB1F-FA8E62A5DB63}.Release|iPhone.ActiveCfg = Release|Any CPU
		{8E2B1665-3B73-4299-BB1F-FA8E62A5DB63}.Release|iPhone.Build.0 = Release|Any CPU
		{8E2B1665-3B73-4299-BB1F-FA8E62A5DB63}.Release|iPhoneSimulator.ActiveCfg = Release|Any CPU
		{8E2B1665-3B73-4299-BB1F-FA8E62A5DB63}.Release|iPhoneSimulator.Build.0 = Release|Any CPU
		{8E2B1665-3B73-4299-BB1F-FA8E62A5DB63}.Release|x64.ActiveCfg = Release|Any CPU
		{8E2B1665-3B73-4299-BB1F-FA8E62A5DB63}.Release|x64.Build.0 = Release|Any CPU
		{8E2B1665-3B73-4299-BB1F-FA8E62A5DB63}.Release|x86.ActiveCfg = Release|Any CPU
		{8E2B1665-3B73-4299-BB1F-FA8E62A5DB63}.Release|x86.Build.0 = Release|Any CPU
		{81E3F05B-97CB-4D76-8027-B2AE01857EAC}.Debug|Any CPU.ActiveCfg = Debug|Any CPU
		{81E3F05B-97CB-4D76-8027-B2AE01857EAC}.Debug|Any CPU.Build.0 = Debug|Any CPU
		{81E3F05B-97CB-4D76-8027-B2AE01857EAC}.Debug|ARM.ActiveCfg = Debug|Any CPU
		{81E3F05B-97CB-4D76-8027-B2AE01857EAC}.Debug|ARM.Build.0 = Debug|Any CPU
		{81E3F05B-97CB-4D76-8027-B2AE01857EAC}.Debug|ARM64.ActiveCfg = Debug|Any CPU
		{81E3F05B-97CB-4D76-8027-B2AE01857EAC}.Debug|ARM64.Build.0 = Debug|Any CPU
		{81E3F05B-97CB-4D76-8027-B2AE01857EAC}.Debug|iPhone.ActiveCfg = Debug|Any CPU
		{81E3F05B-97CB-4D76-8027-B2AE01857EAC}.Debug|iPhone.Build.0 = Debug|Any CPU
		{81E3F05B-97CB-4D76-8027-B2AE01857EAC}.Debug|iPhoneSimulator.ActiveCfg = Debug|Any CPU
		{81E3F05B-97CB-4D76-8027-B2AE01857EAC}.Debug|iPhoneSimulator.Build.0 = Debug|Any CPU
		{81E3F05B-97CB-4D76-8027-B2AE01857EAC}.Debug|x64.ActiveCfg = Debug|Any CPU
		{81E3F05B-97CB-4D76-8027-B2AE01857EAC}.Debug|x64.Build.0 = Debug|Any CPU
		{81E3F05B-97CB-4D76-8027-B2AE01857EAC}.Debug|x86.ActiveCfg = Debug|Any CPU
		{81E3F05B-97CB-4D76-8027-B2AE01857EAC}.Debug|x86.Build.0 = Debug|Any CPU
		{81E3F05B-97CB-4D76-8027-B2AE01857EAC}.Release|Any CPU.ActiveCfg = Release|Any CPU
		{81E3F05B-97CB-4D76-8027-B2AE01857EAC}.Release|Any CPU.Build.0 = Release|Any CPU
		{81E3F05B-97CB-4D76-8027-B2AE01857EAC}.Release|ARM.ActiveCfg = Release|Any CPU
		{81E3F05B-97CB-4D76-8027-B2AE01857EAC}.Release|ARM.Build.0 = Release|Any CPU
		{81E3F05B-97CB-4D76-8027-B2AE01857EAC}.Release|ARM64.ActiveCfg = Release|Any CPU
		{81E3F05B-97CB-4D76-8027-B2AE01857EAC}.Release|ARM64.Build.0 = Release|Any CPU
		{81E3F05B-97CB-4D76-8027-B2AE01857EAC}.Release|iPhone.ActiveCfg = Release|Any CPU
		{81E3F05B-97CB-4D76-8027-B2AE01857EAC}.Release|iPhone.Build.0 = Release|Any CPU
		{81E3F05B-97CB-4D76-8027-B2AE01857EAC}.Release|iPhoneSimulator.ActiveCfg = Release|Any CPU
		{81E3F05B-97CB-4D76-8027-B2AE01857EAC}.Release|iPhoneSimulator.Build.0 = Release|Any CPU
		{81E3F05B-97CB-4D76-8027-B2AE01857EAC}.Release|x64.ActiveCfg = Release|Any CPU
		{81E3F05B-97CB-4D76-8027-B2AE01857EAC}.Release|x64.Build.0 = Release|Any CPU
		{81E3F05B-97CB-4D76-8027-B2AE01857EAC}.Release|x86.ActiveCfg = Release|Any CPU
		{81E3F05B-97CB-4D76-8027-B2AE01857EAC}.Release|x86.Build.0 = Release|Any CPU
		{B0F0F075-9339-4B23-8395-D32C83C5CAE9}.Debug|Any CPU.ActiveCfg = Debug|Any CPU
		{B0F0F075-9339-4B23-8395-D32C83C5CAE9}.Debug|Any CPU.Build.0 = Debug|Any CPU
		{B0F0F075-9339-4B23-8395-D32C83C5CAE9}.Debug|ARM.ActiveCfg = Debug|ARM
		{B0F0F075-9339-4B23-8395-D32C83C5CAE9}.Debug|ARM.Build.0 = Debug|ARM
		{B0F0F075-9339-4B23-8395-D32C83C5CAE9}.Debug|ARM64.ActiveCfg = Debug|ARM64
		{B0F0F075-9339-4B23-8395-D32C83C5CAE9}.Debug|ARM64.Build.0 = Debug|ARM64
		{B0F0F075-9339-4B23-8395-D32C83C5CAE9}.Debug|iPhone.ActiveCfg = Debug|Any CPU
		{B0F0F075-9339-4B23-8395-D32C83C5CAE9}.Debug|iPhone.Build.0 = Debug|Any CPU
		{B0F0F075-9339-4B23-8395-D32C83C5CAE9}.Debug|iPhoneSimulator.ActiveCfg = Debug|Any CPU
		{B0F0F075-9339-4B23-8395-D32C83C5CAE9}.Debug|iPhoneSimulator.Build.0 = Debug|Any CPU
		{B0F0F075-9339-4B23-8395-D32C83C5CAE9}.Debug|x64.ActiveCfg = Debug|x64
		{B0F0F075-9339-4B23-8395-D32C83C5CAE9}.Debug|x64.Build.0 = Debug|x64
		{B0F0F075-9339-4B23-8395-D32C83C5CAE9}.Debug|x86.ActiveCfg = Debug|x86
		{B0F0F075-9339-4B23-8395-D32C83C5CAE9}.Debug|x86.Build.0 = Debug|x86
		{B0F0F075-9339-4B23-8395-D32C83C5CAE9}.Release|Any CPU.ActiveCfg = Release|Any CPU
		{B0F0F075-9339-4B23-8395-D32C83C5CAE9}.Release|Any CPU.Build.0 = Release|Any CPU
		{B0F0F075-9339-4B23-8395-D32C83C5CAE9}.Release|ARM.ActiveCfg = Release|ARM
		{B0F0F075-9339-4B23-8395-D32C83C5CAE9}.Release|ARM.Build.0 = Release|ARM
		{B0F0F075-9339-4B23-8395-D32C83C5CAE9}.Release|ARM64.ActiveCfg = Release|ARM64
		{B0F0F075-9339-4B23-8395-D32C83C5CAE9}.Release|ARM64.Build.0 = Release|ARM64
		{B0F0F075-9339-4B23-8395-D32C83C5CAE9}.Release|iPhone.ActiveCfg = Release|Any CPU
		{B0F0F075-9339-4B23-8395-D32C83C5CAE9}.Release|iPhone.Build.0 = Release|Any CPU
		{B0F0F075-9339-4B23-8395-D32C83C5CAE9}.Release|iPhoneSimulator.ActiveCfg = Release|Any CPU
		{B0F0F075-9339-4B23-8395-D32C83C5CAE9}.Release|iPhoneSimulator.Build.0 = Release|Any CPU
		{B0F0F075-9339-4B23-8395-D32C83C5CAE9}.Release|x64.ActiveCfg = Release|x64
		{B0F0F075-9339-4B23-8395-D32C83C5CAE9}.Release|x64.Build.0 = Release|x64
		{B0F0F075-9339-4B23-8395-D32C83C5CAE9}.Release|x86.ActiveCfg = Release|x86
		{B0F0F075-9339-4B23-8395-D32C83C5CAE9}.Release|x86.Build.0 = Release|x86
		{B73EFAED-028C-456D-8A83-0DBA7658805C}.Debug|Any CPU.ActiveCfg = Debug|Any CPU
		{B73EFAED-028C-456D-8A83-0DBA7658805C}.Debug|Any CPU.Build.0 = Debug|Any CPU
		{B73EFAED-028C-456D-8A83-0DBA7658805C}.Debug|ARM.ActiveCfg = Debug|Any CPU
		{B73EFAED-028C-456D-8A83-0DBA7658805C}.Debug|ARM.Build.0 = Debug|Any CPU
		{B73EFAED-028C-456D-8A83-0DBA7658805C}.Debug|ARM64.ActiveCfg = Debug|Any CPU
		{B73EFAED-028C-456D-8A83-0DBA7658805C}.Debug|ARM64.Build.0 = Debug|Any CPU
		{B73EFAED-028C-456D-8A83-0DBA7658805C}.Debug|iPhone.ActiveCfg = Debug|Any CPU
		{B73EFAED-028C-456D-8A83-0DBA7658805C}.Debug|iPhone.Build.0 = Debug|Any CPU
		{B73EFAED-028C-456D-8A83-0DBA7658805C}.Debug|iPhoneSimulator.ActiveCfg = Debug|Any CPU
		{B73EFAED-028C-456D-8A83-0DBA7658805C}.Debug|iPhoneSimulator.Build.0 = Debug|Any CPU
		{B73EFAED-028C-456D-8A83-0DBA7658805C}.Debug|x64.ActiveCfg = Debug|Any CPU
		{B73EFAED-028C-456D-8A83-0DBA7658805C}.Debug|x64.Build.0 = Debug|Any CPU
		{B73EFAED-028C-456D-8A83-0DBA7658805C}.Debug|x86.ActiveCfg = Debug|Any CPU
		{B73EFAED-028C-456D-8A83-0DBA7658805C}.Debug|x86.Build.0 = Debug|Any CPU
		{B73EFAED-028C-456D-8A83-0DBA7658805C}.Release|Any CPU.ActiveCfg = Release|Any CPU
		{B73EFAED-028C-456D-8A83-0DBA7658805C}.Release|Any CPU.Build.0 = Release|Any CPU
		{B73EFAED-028C-456D-8A83-0DBA7658805C}.Release|ARM.ActiveCfg = Release|Any CPU
		{B73EFAED-028C-456D-8A83-0DBA7658805C}.Release|ARM.Build.0 = Release|Any CPU
		{B73EFAED-028C-456D-8A83-0DBA7658805C}.Release|ARM64.ActiveCfg = Release|Any CPU
		{B73EFAED-028C-456D-8A83-0DBA7658805C}.Release|ARM64.Build.0 = Release|Any CPU
		{B73EFAED-028C-456D-8A83-0DBA7658805C}.Release|iPhone.ActiveCfg = Release|Any CPU
		{B73EFAED-028C-456D-8A83-0DBA7658805C}.Release|iPhone.Build.0 = Release|Any CPU
		{B73EFAED-028C-456D-8A83-0DBA7658805C}.Release|iPhoneSimulator.ActiveCfg = Release|Any CPU
		{B73EFAED-028C-456D-8A83-0DBA7658805C}.Release|iPhoneSimulator.Build.0 = Release|Any CPU
		{B73EFAED-028C-456D-8A83-0DBA7658805C}.Release|x64.ActiveCfg = Release|Any CPU
		{B73EFAED-028C-456D-8A83-0DBA7658805C}.Release|x64.Build.0 = Release|Any CPU
		{B73EFAED-028C-456D-8A83-0DBA7658805C}.Release|x86.ActiveCfg = Release|Any CPU
		{B73EFAED-028C-456D-8A83-0DBA7658805C}.Release|x86.Build.0 = Release|Any CPU
		{6D11E1EB-7DEE-4AD9-A9FF-CEE71CDD5004}.Debug|Any CPU.ActiveCfg = Debug|Any CPU
		{6D11E1EB-7DEE-4AD9-A9FF-CEE71CDD5004}.Debug|Any CPU.Build.0 = Debug|Any CPU
		{6D11E1EB-7DEE-4AD9-A9FF-CEE71CDD5004}.Debug|ARM.ActiveCfg = Debug|Any CPU
		{6D11E1EB-7DEE-4AD9-A9FF-CEE71CDD5004}.Debug|ARM.Build.0 = Debug|Any CPU
		{6D11E1EB-7DEE-4AD9-A9FF-CEE71CDD5004}.Debug|ARM64.ActiveCfg = Debug|Any CPU
		{6D11E1EB-7DEE-4AD9-A9FF-CEE71CDD5004}.Debug|ARM64.Build.0 = Debug|Any CPU
		{6D11E1EB-7DEE-4AD9-A9FF-CEE71CDD5004}.Debug|iPhone.ActiveCfg = Debug|Any CPU
		{6D11E1EB-7DEE-4AD9-A9FF-CEE71CDD5004}.Debug|iPhone.Build.0 = Debug|Any CPU
		{6D11E1EB-7DEE-4AD9-A9FF-CEE71CDD5004}.Debug|iPhoneSimulator.ActiveCfg = Debug|Any CPU
		{6D11E1EB-7DEE-4AD9-A9FF-CEE71CDD5004}.Debug|iPhoneSimulator.Build.0 = Debug|Any CPU
		{6D11E1EB-7DEE-4AD9-A9FF-CEE71CDD5004}.Debug|x64.ActiveCfg = Debug|Any CPU
		{6D11E1EB-7DEE-4AD9-A9FF-CEE71CDD5004}.Debug|x64.Build.0 = Debug|Any CPU
		{6D11E1EB-7DEE-4AD9-A9FF-CEE71CDD5004}.Debug|x86.ActiveCfg = Debug|Any CPU
		{6D11E1EB-7DEE-4AD9-A9FF-CEE71CDD5004}.Debug|x86.Build.0 = Debug|Any CPU
		{6D11E1EB-7DEE-4AD9-A9FF-CEE71CDD5004}.Release|Any CPU.ActiveCfg = Release|Any CPU
		{6D11E1EB-7DEE-4AD9-A9FF-CEE71CDD5004}.Release|Any CPU.Build.0 = Release|Any CPU
		{6D11E1EB-7DEE-4AD9-A9FF-CEE71CDD5004}.Release|ARM.ActiveCfg = Release|Any CPU
		{6D11E1EB-7DEE-4AD9-A9FF-CEE71CDD5004}.Release|ARM.Build.0 = Release|Any CPU
		{6D11E1EB-7DEE-4AD9-A9FF-CEE71CDD5004}.Release|ARM64.ActiveCfg = Release|Any CPU
		{6D11E1EB-7DEE-4AD9-A9FF-CEE71CDD5004}.Release|ARM64.Build.0 = Release|Any CPU
		{6D11E1EB-7DEE-4AD9-A9FF-CEE71CDD5004}.Release|iPhone.ActiveCfg = Release|Any CPU
		{6D11E1EB-7DEE-4AD9-A9FF-CEE71CDD5004}.Release|iPhone.Build.0 = Release|Any CPU
		{6D11E1EB-7DEE-4AD9-A9FF-CEE71CDD5004}.Release|iPhoneSimulator.ActiveCfg = Release|Any CPU
		{6D11E1EB-7DEE-4AD9-A9FF-CEE71CDD5004}.Release|iPhoneSimulator.Build.0 = Release|Any CPU
		{6D11E1EB-7DEE-4AD9-A9FF-CEE71CDD5004}.Release|x64.ActiveCfg = Release|Any CPU
		{6D11E1EB-7DEE-4AD9-A9FF-CEE71CDD5004}.Release|x64.Build.0 = Release|Any CPU
		{6D11E1EB-7DEE-4AD9-A9FF-CEE71CDD5004}.Release|x86.ActiveCfg = Release|Any CPU
		{6D11E1EB-7DEE-4AD9-A9FF-CEE71CDD5004}.Release|x86.Build.0 = Release|Any CPU
		{C8701F39-9187-4AE3-AE43-ED3F31F29F0E}.Debug|Any CPU.ActiveCfg = Debug|Any CPU
		{C8701F39-9187-4AE3-AE43-ED3F31F29F0E}.Debug|Any CPU.Build.0 = Debug|Any CPU
		{C8701F39-9187-4AE3-AE43-ED3F31F29F0E}.Debug|ARM.ActiveCfg = Debug|Any CPU
		{C8701F39-9187-4AE3-AE43-ED3F31F29F0E}.Debug|ARM.Build.0 = Debug|Any CPU
		{C8701F39-9187-4AE3-AE43-ED3F31F29F0E}.Debug|ARM64.ActiveCfg = Debug|Any CPU
		{C8701F39-9187-4AE3-AE43-ED3F31F29F0E}.Debug|ARM64.Build.0 = Debug|Any CPU
		{C8701F39-9187-4AE3-AE43-ED3F31F29F0E}.Debug|iPhone.ActiveCfg = Debug|Any CPU
		{C8701F39-9187-4AE3-AE43-ED3F31F29F0E}.Debug|iPhone.Build.0 = Debug|Any CPU
		{C8701F39-9187-4AE3-AE43-ED3F31F29F0E}.Debug|iPhoneSimulator.ActiveCfg = Debug|Any CPU
		{C8701F39-9187-4AE3-AE43-ED3F31F29F0E}.Debug|iPhoneSimulator.Build.0 = Debug|Any CPU
		{C8701F39-9187-4AE3-AE43-ED3F31F29F0E}.Debug|x64.ActiveCfg = Debug|Any CPU
		{C8701F39-9187-4AE3-AE43-ED3F31F29F0E}.Debug|x64.Build.0 = Debug|Any CPU
		{C8701F39-9187-4AE3-AE43-ED3F31F29F0E}.Debug|x86.ActiveCfg = Debug|Any CPU
		{C8701F39-9187-4AE3-AE43-ED3F31F29F0E}.Debug|x86.Build.0 = Debug|Any CPU
		{C8701F39-9187-4AE3-AE43-ED3F31F29F0E}.Release|Any CPU.ActiveCfg = Release|Any CPU
		{C8701F39-9187-4AE3-AE43-ED3F31F29F0E}.Release|Any CPU.Build.0 = Release|Any CPU
		{C8701F39-9187-4AE3-AE43-ED3F31F29F0E}.Release|ARM.ActiveCfg = Release|Any CPU
		{C8701F39-9187-4AE3-AE43-ED3F31F29F0E}.Release|ARM.Build.0 = Release|Any CPU
		{C8701F39-9187-4AE3-AE43-ED3F31F29F0E}.Release|ARM64.ActiveCfg = Release|Any CPU
		{C8701F39-9187-4AE3-AE43-ED3F31F29F0E}.Release|ARM64.Build.0 = Release|Any CPU
		{C8701F39-9187-4AE3-AE43-ED3F31F29F0E}.Release|iPhone.ActiveCfg = Release|Any CPU
		{C8701F39-9187-4AE3-AE43-ED3F31F29F0E}.Release|iPhone.Build.0 = Release|Any CPU
		{C8701F39-9187-4AE3-AE43-ED3F31F29F0E}.Release|iPhoneSimulator.ActiveCfg = Release|Any CPU
		{C8701F39-9187-4AE3-AE43-ED3F31F29F0E}.Release|iPhoneSimulator.Build.0 = Release|Any CPU
		{C8701F39-9187-4AE3-AE43-ED3F31F29F0E}.Release|x64.ActiveCfg = Release|Any CPU
		{C8701F39-9187-4AE3-AE43-ED3F31F29F0E}.Release|x64.Build.0 = Release|Any CPU
		{C8701F39-9187-4AE3-AE43-ED3F31F29F0E}.Release|x86.ActiveCfg = Release|Any CPU
		{C8701F39-9187-4AE3-AE43-ED3F31F29F0E}.Release|x86.Build.0 = Release|Any CPU
		{7750542A-F01E-4977-9B5A-B7F2DB48A636}.Debug|Any CPU.ActiveCfg = Debug|Any CPU
		{7750542A-F01E-4977-9B5A-B7F2DB48A636}.Debug|Any CPU.Build.0 = Debug|Any CPU
		{7750542A-F01E-4977-9B5A-B7F2DB48A636}.Debug|ARM.ActiveCfg = Debug|Any CPU
		{7750542A-F01E-4977-9B5A-B7F2DB48A636}.Debug|ARM.Build.0 = Debug|Any CPU
		{7750542A-F01E-4977-9B5A-B7F2DB48A636}.Debug|ARM64.ActiveCfg = Debug|Any CPU
		{7750542A-F01E-4977-9B5A-B7F2DB48A636}.Debug|ARM64.Build.0 = Debug|Any CPU
		{7750542A-F01E-4977-9B5A-B7F2DB48A636}.Debug|iPhone.ActiveCfg = Debug|Any CPU
		{7750542A-F01E-4977-9B5A-B7F2DB48A636}.Debug|iPhone.Build.0 = Debug|Any CPU
		{7750542A-F01E-4977-9B5A-B7F2DB48A636}.Debug|iPhoneSimulator.ActiveCfg = Debug|Any CPU
		{7750542A-F01E-4977-9B5A-B7F2DB48A636}.Debug|iPhoneSimulator.Build.0 = Debug|Any CPU
		{7750542A-F01E-4977-9B5A-B7F2DB48A636}.Debug|x64.ActiveCfg = Debug|Any CPU
		{7750542A-F01E-4977-9B5A-B7F2DB48A636}.Debug|x64.Build.0 = Debug|Any CPU
		{7750542A-F01E-4977-9B5A-B7F2DB48A636}.Debug|x86.ActiveCfg = Debug|Any CPU
		{7750542A-F01E-4977-9B5A-B7F2DB48A636}.Debug|x86.Build.0 = Debug|Any CPU
		{7750542A-F01E-4977-9B5A-B7F2DB48A636}.Release|Any CPU.ActiveCfg = Release|Any CPU
		{7750542A-F01E-4977-9B5A-B7F2DB48A636}.Release|Any CPU.Build.0 = Release|Any CPU
		{7750542A-F01E-4977-9B5A-B7F2DB48A636}.Release|ARM.ActiveCfg = Release|Any CPU
		{7750542A-F01E-4977-9B5A-B7F2DB48A636}.Release|ARM.Build.0 = Release|Any CPU
		{7750542A-F01E-4977-9B5A-B7F2DB48A636}.Release|ARM64.ActiveCfg = Release|Any CPU
		{7750542A-F01E-4977-9B5A-B7F2DB48A636}.Release|ARM64.Build.0 = Release|Any CPU
		{7750542A-F01E-4977-9B5A-B7F2DB48A636}.Release|iPhone.ActiveCfg = Release|Any CPU
		{7750542A-F01E-4977-9B5A-B7F2DB48A636}.Release|iPhone.Build.0 = Release|Any CPU
		{7750542A-F01E-4977-9B5A-B7F2DB48A636}.Release|iPhoneSimulator.ActiveCfg = Release|Any CPU
		{7750542A-F01E-4977-9B5A-B7F2DB48A636}.Release|iPhoneSimulator.Build.0 = Release|Any CPU
		{7750542A-F01E-4977-9B5A-B7F2DB48A636}.Release|x64.ActiveCfg = Release|Any CPU
		{7750542A-F01E-4977-9B5A-B7F2DB48A636}.Release|x64.Build.0 = Release|Any CPU
		{7750542A-F01E-4977-9B5A-B7F2DB48A636}.Release|x86.ActiveCfg = Release|Any CPU
		{7750542A-F01E-4977-9B5A-B7F2DB48A636}.Release|x86.Build.0 = Release|Any CPU
	EndGlobalSection
	GlobalSection(SolutionProperties) = preSolution
		HideSolutionNode = FALSE
	EndGlobalSection
	GlobalSection(NestedProjects) = preSolution
		{2158DFBD-A40E-4F0D-A703-16FF1970D739} = {BE187748-F9EA-432C-A6B7-92C5D4DF9914}
		{07395458-EE7E-443D-B0C2-CFF40C719EAB} = {BE187748-F9EA-432C-A6B7-92C5D4DF9914}
		{498B6F2A-AEF2-40C6-8A90-852DA31178E4} = {BE187748-F9EA-432C-A6B7-92C5D4DF9914}
		{6417C355-2592-4649-8713-6287D35AA4A7} = {BE187748-F9EA-432C-A6B7-92C5D4DF9914}
		{32DF0473-E25C-48D6-A634-99093017B64E} = {BE187748-F9EA-432C-A6B7-92C5D4DF9914}
		{F4DDE03E-6975-47D1-BCC5-EA941C5A43B7} = {EEC3D50F-62A2-4DDC-BEFC-97169B7387E2}
		{54C138A8-27A2-4D12-9A91-2D074DEAC8BF} = {EEC3D50F-62A2-4DDC-BEFC-97169B7387E2}
		{1CF541BD-4623-4E0A-8D34-CC5DC0811778} = {EEC3D50F-62A2-4DDC-BEFC-97169B7387E2}
		{415786C2-29CB-4BCB-BF36-49AC2CAED9BA} = {EEC3D50F-62A2-4DDC-BEFC-97169B7387E2}
		{53E482DD-18DF-4A9D-9B6C-3E9986BE986E} = {1C0AAFCC-0D6A-4DE2-8AEE-818A6CE92AEA}
		{E71AF9BF-4E88-4AC2-89CC-1D415D1BB627} = {1C0AAFCC-0D6A-4DE2-8AEE-818A6CE92AEA}
		{4A79797F-8251-4072-9AE4-A79FBD9AF10B} = {BE187748-F9EA-432C-A6B7-92C5D4DF9914}
		{BE187748-F9EA-432C-A6B7-92C5D4DF9914} = {39A20796-141B-4183-9C38-B64235548260}
		{EEC3D50F-62A2-4DDC-BEFC-97169B7387E2} = {39A20796-141B-4183-9C38-B64235548260}
		{1C0AAFCC-0D6A-4DE2-8AEE-818A6CE92AEA} = {39A20796-141B-4183-9C38-B64235548260}
		{3B8FAE11-D333-4FB9-B5A6-4E0614BAD6AB} = {BE187748-F9EA-432C-A6B7-92C5D4DF9914}
		{27B37FCE-7A57-4307-BF23-E5445DAA1570} = {1C0AAFCC-0D6A-4DE2-8AEE-818A6CE92AEA}
		{197FCEB2-A016-47F3-AC46-960A09EB1B20} = {1C0AAFCC-0D6A-4DE2-8AEE-818A6CE92AEA}
		{F567C3DE-9BB1-40CA-A5C4-EEB73D87B49A} = {77D2E8E6-CB8A-4004-9F19-0CCF4D436ADF}
		{99AD4B80-8E37-433C-8455-562C128C1849} = {F567C3DE-9BB1-40CA-A5C4-EEB73D87B49A}
		{01CD758E-51D0-454D-A9B4-7B229047E2E8} = {F567C3DE-9BB1-40CA-A5C4-EEB73D87B49A}
		{7CA1C31A-ACD9-46AF-A1D3-70A3848842B5} = {F567C3DE-9BB1-40CA-A5C4-EEB73D87B49A}
		{11C75F12-A4A1-41EB-B919-3A36AB3FACBB} = {F567C3DE-9BB1-40CA-A5C4-EEB73D87B49A}
		{8E2B1665-3B73-4299-BB1F-FA8E62A5DB63} = {EEC3D50F-62A2-4DDC-BEFC-97169B7387E2}
		{81E3F05B-97CB-4D76-8027-B2AE01857EAC} = {EEC3D50F-62A2-4DDC-BEFC-97169B7387E2}
		{B0F0F075-9339-4B23-8395-D32C83C5CAE9} = {EEC3D50F-62A2-4DDC-BEFC-97169B7387E2}
		{B73EFAED-028C-456D-8A83-0DBA7658805C} = {EEC3D50F-62A2-4DDC-BEFC-97169B7387E2}
		{6D11E1EB-7DEE-4AD9-A9FF-CEE71CDD5004} = {EEC3D50F-62A2-4DDC-BEFC-97169B7387E2}
		{C8701F39-9187-4AE3-AE43-ED3F31F29F0E} = {F567C3DE-9BB1-40CA-A5C4-EEB73D87B49A}
		{7750542A-F01E-4977-9B5A-B7F2DB48A636} = {F567C3DE-9BB1-40CA-A5C4-EEB73D87B49A}
	EndGlobalSection
	GlobalSection(ExtensibilityGlobals) = postSolution
		SolutionGuid = {D5066866-C565-400F-9042-5E1B84754886}
	EndGlobalSection
EndGlobal
